// !$*UTF8*$!
{
	archiveVersion = 1;
	classes = {
	};
	objectVersion = 46;
	objects = {

/* Begin PBXBuildFile section */
		6E5287E21C2FC49400E95415 /* JoiningTypeLookupGenerator.cpp in Sources */ = {isa = PBXBuildFile; fileRef = 6E5287E01C2FC49400E95415 /* JoiningTypeLookupGenerator.cpp */; };
		6E5346C21C2E9AF300C23837 /* main.cpp in Sources */ = {isa = PBXBuildFile; fileRef = 6E5346AF1C2E9AF300C23837 /* main.cpp */; };
		6E5346C41C2E9AF300C23837 /* ArrayBuilder.cpp in Sources */ = {isa = PBXBuildFile; fileRef = 6E5346B31C2E9AF300C23837 /* ArrayBuilder.cpp */; };
		6E5346C61C2E9AF300C23837 /* Converter.cpp in Sources */ = {isa = PBXBuildFile; fileRef = 6E5346B71C2E9AF300C23837 /* Converter.cpp */; };
		6E5346C71C2E9AF300C23837 /* FileBuilder.cpp in Sources */ = {isa = PBXBuildFile; fileRef = 6E5346B91C2E9AF300C23837 /* FileBuilder.cpp */; };
		6E5346C81C2E9AF300C23837 /* Math.cpp in Sources */ = {isa = PBXBuildFile; fileRef = 6E5346BB1C2E9AF300C23837 /* Math.cpp */; };
		6E5346C91C2E9AF300C23837 /* StreamBuilder.cpp in Sources */ = {isa = PBXBuildFile; fileRef = 6E5346BD1C2E9AF300C23837 /* StreamBuilder.cpp */; };
		6E5346CA1C2E9AF300C23837 /* TextBuilder.cpp in Sources */ = {isa = PBXBuildFile; fileRef = 6E5346BF1C2E9AF300C23837 /* TextBuilder.cpp */; };
		6E5346CC1C2E9B1100C23837 /* libSheenFigureParser.a in Frameworks */ = {isa = PBXBuildFile; fileRef = 6E5346CB1C2E9B1100C23837 /* libSheenFigureParser.a */; };
		6E598BDF1C2ED1AC0020F234 /* GeneralCategoryLookupGenerator.cpp in Sources */ = {isa = PBXBuildFile; fileRef = 6E598BDD1C2ED1AC0020F234 /* GeneralCategoryLookupGenerator.cpp */; };
		6E598BE21C2ED2E10020F234 /* GeneralCategoryDetector.cpp in Sources */ = {isa = PBXBuildFile; fileRef = 6E598BE01C2ED2E10020F234 /* GeneralCategoryDetector.cpp */; };
/* End PBXBuildFile section */

/* Begin PBXCopyFilesBuildPhase section */
		6E5346A01C2E9A8900C23837 /* CopyFiles */ = {
			isa = PBXCopyFilesBuildPhase;
			buildActionMask = 2147483647;
			dstPath = /usr/share/man/man1/;
			dstSubfolderSpec = 0;
			files = (
			);
			runOnlyForDeploymentPostprocessing = 1;
		};
/* End PBXCopyFilesBuildPhase section */

/* Begin PBXFileReference section */
		6E5287E01C2FC49400E95415 /* JoiningTypeLookupGenerator.cpp */ = {isa = PBXFileReference; fileEncoding = 4; lastKnownFileType = sourcecode.cpp.cpp; path = JoiningTypeLookupGenerator.cpp; sourceTree = "<group>"; };
		6E5287E11C2FC49400E95415 /* JoiningTypeLookupGenerator.h */ = {isa = PBXFileReference; fileEncoding = 4; lastKnownFileType = sourcecode.c.h; path = JoiningTypeLookupGenerator.h; sourceTree = "<group>"; };
		6E5346A21C2E9A8900C23837 /* SheenFigureGenerator */ = {isa = PBXFileReference; explicitFileType = "compiled.mach-o.executable"; includeInIndex = 0; path = SheenFigureGenerator; sourceTree = BUILT_PRODUCTS_DIR; };
		6E5346AF1C2E9AF300C23837 /* main.cpp */ = {isa = PBXFileReference; fileEncoding = 4; lastKnownFileType = sourcecode.cpp.cpp; path = main.cpp; sourceTree = "<group>"; };
		6E5346B31C2E9AF300C23837 /* ArrayBuilder.cpp */ = {isa = PBXFileReference; fileEncoding = 4; lastKnownFileType = sourcecode.cpp.cpp; path = ArrayBuilder.cpp; sourceTree = "<group>"; };
		6E5346B41C2E9AF300C23837 /* ArrayBuilder.h */ = {isa = PBXFileReference; fileEncoding = 4; lastKnownFileType = sourcecode.c.h; path = ArrayBuilder.h; sourceTree = "<group>"; };
		6E5346B71C2E9AF300C23837 /* Converter.cpp */ = {isa = PBXFileReference; fileEncoding = 4; lastKnownFileType = sourcecode.cpp.cpp; path = Converter.cpp; sourceTree = "<group>"; };
		6E5346B81C2E9AF300C23837 /* Converter.h */ = {isa = PBXFileReference; fileEncoding = 4; lastKnownFileType = sourcecode.c.h; path = Converter.h; sourceTree = "<group>"; };
		6E5346B91C2E9AF300C23837 /* FileBuilder.cpp */ = {isa = PBXFileReference; fileEncoding = 4; lastKnownFileType = sourcecode.cpp.cpp; path = FileBuilder.cpp; sourceTree = "<group>"; };
		6E5346BA1C2E9AF300C23837 /* FileBuilder.h */ = {isa = PBXFileReference; fileEncoding = 4; lastKnownFileType = sourcecode.c.h; path = FileBuilder.h; sourceTree = "<group>"; };
		6E5346BB1C2E9AF300C23837 /* Math.cpp */ = {isa = PBXFileReference; fileEncoding = 4; lastKnownFileType = sourcecode.cpp.cpp; path = Math.cpp; sourceTree = "<group>"; };
		6E5346BC1C2E9AF300C23837 /* Math.h */ = {isa = PBXFileReference; fileEncoding = 4; lastKnownFileType = sourcecode.c.h; path = Math.h; sourceTree = "<group>"; };
		6E5346BD1C2E9AF300C23837 /* StreamBuilder.cpp */ = {isa = PBXFileReference; fileEncoding = 4; lastKnownFileType = sourcecode.cpp.cpp; path = StreamBuilder.cpp; sourceTree = "<group>"; };
		6E5346BE1C2E9AF300C23837 /* StreamBuilder.h */ = {isa = PBXFileReference; fileEncoding = 4; lastKnownFileType = sourcecode.c.h; path = StreamBuilder.h; sourceTree = "<group>"; };
		6E5346BF1C2E9AF300C23837 /* TextBuilder.cpp */ = {isa = PBXFileReference; fileEncoding = 4; lastKnownFileType = sourcecode.cpp.cpp; path = TextBuilder.cpp; sourceTree = "<group>"; };
		6E5346C01C2E9AF300C23837 /* TextBuilder.h */ = {isa = PBXFileReference; fileEncoding = 4; lastKnownFileType = sourcecode.c.h; path = TextBuilder.h; sourceTree = "<group>"; };
		6E5346CB1C2E9B1100C23837 /* libSheenFigureParser.a */ = {isa = PBXFileReference; lastKnownFileType = archive.ar; name = libSheenFigureParser.a; path = build/Debug/libSheenFigureParser.a; sourceTree = "<group>"; };
		6E598BDD1C2ED1AC0020F234 /* GeneralCategoryLookupGenerator.cpp */ = {isa = PBXFileReference; fileEncoding = 4; lastKnownFileType = sourcecode.cpp.cpp; path = GeneralCategoryLookupGenerator.cpp; sourceTree = "<group>"; };
		6E598BDE1C2ED1AC0020F234 /* GeneralCategoryLookupGenerator.h */ = {isa = PBXFileReference; fileEncoding = 4; lastKnownFileType = sourcecode.c.h; path = GeneralCategoryLookupGenerator.h; sourceTree = "<group>"; };
		6E598BE01C2ED2E10020F234 /* GeneralCategoryDetector.cpp */ = {isa = PBXFileReference; fileEncoding = 4; lastKnownFileType = sourcecode.cpp.cpp; path = GeneralCategoryDetector.cpp; sourceTree = "<group>"; };
		6E598BE11C2ED2E10020F234 /* GeneralCategoryDetector.h */ = {isa = PBXFileReference; fileEncoding = 4; lastKnownFileType = sourcecode.c.h; path = GeneralCategoryDetector.h; sourceTree = "<group>"; };
/* End PBXFileReference section */

/* Begin PBXFrameworksBuildPhase section */
		6E53469F1C2E9A8900C23837 /* Frameworks */ = {
			isa = PBXFrameworksBuildPhase;
			buildActionMask = 2147483647;
			files = (
				6E5346CC1C2E9B1100C23837 /* libSheenFigureParser.a in Frameworks */,
			);
			runOnlyForDeploymentPostprocessing = 0;
		};
/* End PBXFrameworksBuildPhase section */

/* Begin PBXGroup section */
		6E5346991C2E9A8900C23837 = {
			isa = PBXGroup;
			children = (
				6E5346AC1C2E9AC000C23837 /* Generator */,
				6E5346CD1C2E9B1600C23837 /* Libraries */,
				6E5346A31C2E9A8900C23837 /* Products */,
			);
			sourceTree = "<group>";
		};
		6E5346A31C2E9A8900C23837 /* Products */ = {
			isa = PBXGroup;
			children = (
				6E5346A21C2E9A8900C23837 /* SheenFigureGenerator */,
			);
			name = Products;
			sourceTree = "<group>";
		};
		6E5346AC1C2E9AC000C23837 /* Generator */ = {
			isa = PBXGroup;
			children = (
				6E5346B21C2E9AF300C23837 /* Utilities */,
				6E5287E01C2FC49400E95415 /* JoiningTypeLookupGenerator.cpp */,
				6E5287E11C2FC49400E95415 /* JoiningTypeLookupGenerator.h */,
				6E598BDD1C2ED1AC0020F234 /* GeneralCategoryLookupGenerator.cpp */,
				6E598BDE1C2ED1AC0020F234 /* GeneralCategoryLookupGenerator.h */,
				6E5346AF1C2E9AF300C23837 /* main.cpp */,
			);
			name = Generator;
			path = Tools/Generator;
			sourceTree = "<group>";
		};
		6E5346B21C2E9AF300C23837 /* Utilities */ = {
			isa = PBXGroup;
			children = (
				6E598BE01C2ED2E10020F234 /* GeneralCategoryDetector.cpp */,
				6E598BE11C2ED2E10020F234 /* GeneralCategoryDetector.h */,
				6E5346B31C2E9AF300C23837 /* ArrayBuilder.cpp */,
				6E5346B41C2E9AF300C23837 /* ArrayBuilder.h */,
				6E5346B71C2E9AF300C23837 /* Converter.cpp */,
				6E5346B81C2E9AF300C23837 /* Converter.h */,
				6E5346B91C2E9AF300C23837 /* FileBuilder.cpp */,
				6E5346BA1C2E9AF300C23837 /* FileBuilder.h */,
				6E5346BB1C2E9AF300C23837 /* Math.cpp */,
				6E5346BC1C2E9AF300C23837 /* Math.h */,
				6E5346BD1C2E9AF300C23837 /* StreamBuilder.cpp */,
				6E5346BE1C2E9AF300C23837 /* StreamBuilder.h */,
				6E5346BF1C2E9AF300C23837 /* TextBuilder.cpp */,
				6E5346C01C2E9AF300C23837 /* TextBuilder.h */,
			);
			path = Utilities;
			sourceTree = "<group>";
		};
		6E5346CD1C2E9B1600C23837 /* Libraries */ = {
			isa = PBXGroup;
			children = (
				6E5346CB1C2E9B1100C23837 /* libSheenFigureParser.a */,
			);
			name = Libraries;
			sourceTree = "<group>";
		};
/* End PBXGroup section */

/* Begin PBXNativeTarget section */
		6E5346A11C2E9A8900C23837 /* SheenFigureGenerator */ = {
			isa = PBXNativeTarget;
			buildConfigurationList = 6E5346A91C2E9A8900C23837 /* Build configuration list for PBXNativeTarget "SheenFigureGenerator" */;
			buildPhases = (
				6E53469E1C2E9A8900C23837 /* Sources */,
				6E53469F1C2E9A8900C23837 /* Frameworks */,
				6E5346A01C2E9A8900C23837 /* CopyFiles */,
			);
			buildRules = (
			);
			dependencies = (
			);
			name = SheenFigureGenerator;
			productName = SheenFigureGenerator;
			productReference = 6E5346A21C2E9A8900C23837 /* SheenFigureGenerator */;
			productType = "com.apple.product-type.tool";
		};
/* End PBXNativeTarget section */

/* Begin PBXProject section */
		6E53469A1C2E9A8900C23837 /* Project object */ = {
			isa = PBXProject;
			attributes = {
				LastUpgradeCheck = 0610;
				ORGANIZATIONNAME = "Muhammad Tayyab Akram";
				TargetAttributes = {
					6E5346A11C2E9A8900C23837 = {
						CreatedOnToolsVersion = 6.1;
					};
				};
			};
			buildConfigurationList = 6E53469D1C2E9A8900C23837 /* Build configuration list for PBXProject "SheenFigureGenerator" */;
			compatibilityVersion = "Xcode 3.2";
			developmentRegion = English;
			hasScannedForEncodings = 0;
			knownRegions = (
				en,
			);
			mainGroup = 6E5346991C2E9A8900C23837;
			productRefGroup = 6E5346A31C2E9A8900C23837 /* Products */;
			projectDirPath = "";
			projectRoot = "";
			targets = (
				6E5346A11C2E9A8900C23837 /* SheenFigureGenerator */,
			);
		};
/* End PBXProject section */

/* Begin PBXSourcesBuildPhase section */
		6E53469E1C2E9A8900C23837 /* Sources */ = {
			isa = PBXSourcesBuildPhase;
			buildActionMask = 2147483647;
			files = (
				6E598BE21C2ED2E10020F234 /* GeneralCategoryDetector.cpp in Sources */,
				6E5346CA1C2E9AF300C23837 /* TextBuilder.cpp in Sources */,
				6E5346C91C2E9AF300C23837 /* StreamBuilder.cpp in Sources */,
				6E5346C21C2E9AF300C23837 /* main.cpp in Sources */,
				6E5346C81C2E9AF300C23837 /* Math.cpp in Sources */,
				6E5346C61C2E9AF300C23837 /* Converter.cpp in Sources */,
				6E5287E21C2FC49400E95415 /* JoiningTypeLookupGenerator.cpp in Sources */,
				6E598BDF1C2ED1AC0020F234 /* GeneralCategoryLookupGenerator.cpp in Sources */,
				6E5346C71C2E9AF300C23837 /* FileBuilder.cpp in Sources */,
				6E5346C41C2E9AF300C23837 /* ArrayBuilder.cpp in Sources */,
			);
			runOnlyForDeploymentPostprocessing = 0;
		};
/* End PBXSourcesBuildPhase section */

/* Begin XCBuildConfiguration section */
		6E5346A71C2E9A8900C23837 /* Debug */ = {
			isa = XCBuildConfiguration;
			buildSettings = {
				ALWAYS_SEARCH_USER_PATHS = NO;
				CLANG_CXX_LANGUAGE_STANDARD = "gnu++0x";
				CLANG_CXX_LIBRARY = "libc++";
				CLANG_ENABLE_MODULES = YES;
				CLANG_ENABLE_OBJC_ARC = YES;
				CLANG_WARN_BOOL_CONVERSION = YES;
				CLANG_WARN_CONSTANT_CONVERSION = YES;
				CLANG_WARN_DIRECT_OBJC_ISA_USAGE = YES_ERROR;
				CLANG_WARN_EMPTY_BODY = YES;
				CLANG_WARN_ENUM_CONVERSION = YES;
				CLANG_WARN_INT_CONVERSION = YES;
				CLANG_WARN_OBJC_ROOT_CLASS = YES_ERROR;
				CLANG_WARN_UNREACHABLE_CODE = YES;
				CLANG_WARN__DUPLICATE_METHOD_MATCH = YES;
				COPY_PHASE_STRIP = NO;
				ENABLE_STRICT_OBJC_MSGSEND = YES;
				GCC_C_LANGUAGE_STANDARD = gnu99;
				GCC_DYNAMIC_NO_PIC = NO;
				GCC_OPTIMIZATION_LEVEL = 0;
				GCC_PREPROCESSOR_DEFINITIONS = (
					"DEBUG=1",
					"$(inherited)",
				);
				GCC_SYMBOLS_PRIVATE_EXTERN = NO;
				GCC_WARN_64_TO_32_BIT_CONVERSION = YES;
				GCC_WARN_ABOUT_RETURN_TYPE = YES_ERROR;
				GCC_WARN_UNDECLARED_SELECTOR = YES;
				GCC_WARN_UNINITIALIZED_AUTOS = YES_AGGRESSIVE;
				GCC_WARN_UNUSED_FUNCTION = YES;
				GCC_WARN_UNUSED_VARIABLE = YES;
				HEADER_SEARCH_PATHS = (
					"$(inherited)",
					"$(BUILT_PRODUCTS_DIR)",
				);
				MACOSX_DEPLOYMENT_TARGET = 10.9;
				MTL_ENABLE_DEBUG_INFO = YES;
				ONLY_ACTIVE_ARCH = YES;
				SDKROOT = macosx;
			};
			name = Debug;
		};
		6E5346A81C2E9A8900C23837 /* Release */ = {
			isa = XCBuildConfiguration;
			buildSettings = {
				ALWAYS_SEARCH_USER_PATHS = NO;
				CLANG_CXX_LANGUAGE_STANDARD = "gnu++0x";
				CLANG_CXX_LIBRARY = "libc++";
				CLANG_ENABLE_MODULES = YES;
				CLANG_ENABLE_OBJC_ARC = YES;
				CLANG_WARN_BOOL_CONVERSION = YES;
				CLANG_WARN_CONSTANT_CONVERSION = YES;
				CLANG_WARN_DIRECT_OBJC_ISA_USAGE = YES_ERROR;
				CLANG_WARN_EMPTY_BODY = YES;
				CLANG_WARN_ENUM_CONVERSION = YES;
				CLANG_WARN_INT_CONVERSION = YES;
				CLANG_WARN_OBJC_ROOT_CLASS = YES_ERROR;
				CLANG_WARN_UNREACHABLE_CODE = YES;
				CLANG_WARN__DUPLICATE_METHOD_MATCH = YES;
				COPY_PHASE_STRIP = YES;
				DEBUG_INFORMATION_FORMAT = "dwarf-with-dsym";
				ENABLE_NS_ASSERTIONS = NO;
				ENABLE_STRICT_OBJC_MSGSEND = YES;
				GCC_C_LANGUAGE_STANDARD = gnu99;
				GCC_WARN_64_TO_32_BIT_CONVERSION = YES;
				GCC_WARN_ABOUT_RETURN_TYPE = YES_ERROR;
				GCC_WARN_UNDECLARED_SELECTOR = YES;
				GCC_WARN_UNINITIALIZED_AUTOS = YES_AGGRESSIVE;
				GCC_WARN_UNUSED_FUNCTION = YES;
				GCC_WARN_UNUSED_VARIABLE = YES;
				HEADER_SEARCH_PATHS = (
					"$(inherited)",
					"$(BUILT_PRODUCTS_DIR)",
				);
				MACOSX_DEPLOYMENT_TARGET = 10.9;
				MTL_ENABLE_DEBUG_INFO = NO;
				SDKROOT = macosx;
			};
			name = Release;
		};
		6E5346AA1C2E9A8900C23837 /* Debug */ = {
			isa = XCBuildConfiguration;
			buildSettings = {
				LIBRARY_SEARCH_PATHS = (
					"$(inherited)",
					"$(PROJECT_DIR)/build/Debug",
				);
				PRODUCT_NAME = "$(TARGET_NAME)";
			};
			name = Debug;
		};
		6E5346AB1C2E9A8900C23837 /* Release */ = {
			isa = XCBuildConfiguration;
			buildSettings = {
				LIBRARY_SEARCH_PATHS = (
					"$(inherited)",
					"$(PROJECT_DIR)/build/Debug",
				);
				PRODUCT_NAME = "$(TARGET_NAME)";
			};
			name = Release;
		};
/* End XCBuildConfiguration section */

/* Begin XCConfigurationList section */
		6E53469D1C2E9A8900C23837 /* Build configuration list for PBXProject "SheenFigureGenerator" */ = {
			isa = XCConfigurationList;
			buildConfigurations = (
				6E5346A71C2E9A8900C23837 /* Debug */,
				6E5346A81C2E9A8900C23837 /* Release */,
			);
			defaultConfigurationIsVisible = 0;
			defaultConfigurationName = Release;
		};
		6E5346A91C2E9A8900C23837 /* Build configuration list for PBXNativeTarget "SheenFigureGenerator" */ = {
			isa = XCConfigurationList;
			buildConfigurations = (
				6E5346AA1C2E9A8900C23837 /* Debug */,
				6E5346AB1C2E9A8900C23837 /* Release */,
			);
			defaultConfigurationIsVisible = 0;
			defaultConfigurationName = Release;
		};
/* End XCConfigurationList section */
	};
	rootObject = 6E53469A1C2E9A8900C23837 /* Project object */;
}
