// !$*UTF8*$!
{
	archiveVersion = 1;
	classes = {
	};
	objectVersion = 46;
	objects = {

/* Begin PBXBuildFile section */
		6E51DA3D1C2DC07A00A95C79 /* SFFontCache.c in Sources */ = {isa = PBXBuildFile; fileRef = 6E51DA3B1C2DC07A00A95C79 /* SFFontCache.c */; };
		6E51DA471C2DC09000A95C79 /* SFOpenType.c in Sources */ = {isa = PBXBuildFile; fileRef = 6E51DA441C2DC09000A95C79 /* SFOpenType.c */; };
		6E51DA511C2DC0AD00A95C79 /* SFArabicEngine.c in Sources */ = {isa = PBXBuildFile; fileRef = 6E51DA481C2DC0AD00A95C79 /* SFArabicEngine.c */; };
		6E51DA521C2DC0AD00A95C79 /* SFShapingEngine.c in Sources */ = {isa = PBXBuildFile; fileRef = 6E51DA4B1C2DC0AD00A95C79 /* SFShapingEngine.c */; };
		6E51DA531C2DC0AD00A95C79 /* SFStandardEngine.c in Sources */ = {isa = PBXBuildFile; fileRef = 6E51DA4D1C2DC0AD00A95C79 /* SFStandardEngine.c */; };
		6E51DA541C2DC0AD00A95C79 /* SFUnifiedEngine.c in Sources */ = {isa = PBXBuildFile; fileRef = 6E51DA4F1C2DC0AD00A95C79 /* SFUnifiedEngine.c */; };
		6E51DA5F1C2DC0CD00A95C79 /* SFGlyphDiscovery.c in Sources */ = {isa = PBXBuildFile; fileRef = 6E51DA551C2DC0CD00A95C79 /* SFGlyphDiscovery.c */; };
		6E51DA601C2DC0CD00A95C79 /* SFGlyphManipulation.c in Sources */ = {isa = PBXBuildFile; fileRef = 6E51DA571C2DC0CD00A95C79 /* SFGlyphManipulation.c */; };
		6E51DA611C2DC0CD00A95C79 /* SFGlyphPositioning.c in Sources */ = {isa = PBXBuildFile; fileRef = 6E51DA591C2DC0CD00A95C79 /* SFGlyphPositioning.c */; };
		6E51DA621C2DC0CD00A95C79 /* SFGlyphSubstitution.c in Sources */ = {isa = PBXBuildFile; fileRef = 6E51DA5B1C2DC0CD00A95C79 /* SFGlyphSubstitution.c */; };
		6E51DA631C2DC0CD00A95C79 /* SFTextProcessor.c in Sources */ = {isa = PBXBuildFile; fileRef = 6E51DA5D1C2DC0CD00A95C79 /* SFTextProcessor.c */; };
		6E51DA741C2DC0E000A95C79 /* SFAlbum.c in Sources */ = {isa = PBXBuildFile; fileRef = 6E51DA641C2DC0E000A95C79 /* SFAlbum.c */; };
		6E51DA751C2DC0E000A95C79 /* SFArtist.c in Sources */ = {isa = PBXBuildFile; fileRef = 6E51DA661C2DC0E000A95C79 /* SFArtist.c */; };
		6E51DA761C2DC0E000A95C79 /* SFFont.c in Sources */ = {isa = PBXBuildFile; fileRef = 6E51DA681C2DC0E000A95C79 /* SFFont.c */; };
		6E51DA771C2DC0E000A95C79 /* SFList.c in Sources */ = {isa = PBXBuildFile; fileRef = 6E51DA6A1C2DC0E000A95C79 /* SFList.c */; };
		6E51DA781C2DC0E000A95C79 /* SFLocator.c in Sources */ = {isa = PBXBuildFile; fileRef = 6E51DA6C1C2DC0E000A95C79 /* SFLocator.c */; };
		6E51DA791C2DC0E000A95C79 /* SFPattern.c in Sources */ = {isa = PBXBuildFile; fileRef = 6E51DA6E1C2DC0E000A95C79 /* SFPattern.c */; };
		6E51DA7A1C2DC0E000A95C79 /* SFPatternBuilder.c in Sources */ = {isa = PBXBuildFile; fileRef = 6E51DA701C2DC0E000A95C79 /* SFPatternBuilder.c */; };
		6E51DA7B1C2DC0E000A95C79 /* SFScheme.c in Sources */ = {isa = PBXBuildFile; fileRef = 6E51DA721C2DC0E000A95C79 /* SFScheme.c */; };
		6E5287D81C2FB49100E95415 /* SFGeneralCategoryLookup.c in Sources */ = {isa = PBXBuildFile; fileRef = 6E5287D71C2FB49100E95415 /* SFGeneralCategoryLookup.c */; };
		6E5287DB1C2FB7B900E95415 /* SFGeneralCategoryLookup.c in Sources */ = {isa = PBXBuildFile; fileRef = 6E5287D71C2FB49100E95415 /* SFGeneralCategoryLookup.c */; };
		6E5287DC1C2FB7C500E95415 /* SFGeneralCategory.h in Headers */ = {isa = PBXBuildFile; fileRef = 6E598BE41C2ED7D00020F234 /* SFGeneralCategory.h */; settings = {ATTRIBUTES = (Private, ); }; };
		6E5287DD1C2FB7C900E95415 /* SFGeneralCategoryLookup.h in Headers */ = {isa = PBXBuildFile; fileRef = 6E5287D91C2FB78200E95415 /* SFGeneralCategoryLookup.h */; settings = {ATTRIBUTES = (Private, ); }; };
		6E5287DE1C2FB7DB00E95415 /* SFGeneralCategory.h in Headers */ = {isa = PBXBuildFile; fileRef = 6E598BE41C2ED7D00020F234 /* SFGeneralCategory.h */; settings = {ATTRIBUTES = (Private, ); }; };
		6E5287DF1C2FB7DD00E95415 /* SFGeneralCategoryLookup.h in Headers */ = {isa = PBXBuildFile; fileRef = 6E5287D91C2FB78200E95415 /* SFGeneralCategoryLookup.h */; settings = {ATTRIBUTES = (Private, ); }; };
		6E528C351C30566100F0B3B4 /* SFJoiningTypeLookup.c in Sources */ = {isa = PBXBuildFile; fileRef = 6E528C331C30566100F0B3B4 /* SFJoiningTypeLookup.c */; };
		6E528C361C30566100F0B3B4 /* SFJoiningTypeLookup.c in Sources */ = {isa = PBXBuildFile; fileRef = 6E528C331C30566100F0B3B4 /* SFJoiningTypeLookup.c */; };
		6E528C391C30567700F0B3B4 /* SFJoiningTypeLookup.h in Headers */ = {isa = PBXBuildFile; fileRef = 6E528C341C30566100F0B3B4 /* SFJoiningTypeLookup.h */; settings = {ATTRIBUTES = (Private, ); }; };
		6E528C3A1C30567E00F0B3B4 /* SFJoiningTypeLookup.h in Headers */ = {isa = PBXBuildFile; fileRef = 6E528C341C30566100F0B3B4 /* SFJoiningTypeLookup.h */; settings = {ATTRIBUTES = (Private, ); }; };
		6E528C3C1C3056AE00F0B3B4 /* SFJoiningType.h in Headers */ = {isa = PBXBuildFile; fileRef = 6E528C3B1C3056AE00F0B3B4 /* SFJoiningType.h */; };
		6E528C3D1C3056AE00F0B3B4 /* SFJoiningType.h in Headers */ = {isa = PBXBuildFile; fileRef = 6E528C3B1C3056AE00F0B3B4 /* SFJoiningType.h */; };
		6E5344651C2E64A400C23837 /* SheenFigure.h in Headers */ = {isa = PBXBuildFile; fileRef = 6E51DA3A1C2DC06B00A95C79 /* SheenFigure.h */; settings = {ATTRIBUTES = (Public, ); }; };
		6E5344661C2E64AC00C23837 /* SFAlbum.h in Headers */ = {isa = PBXBuildFile; fileRef = 6E51DA2F1C2DC06B00A95C79 /* SFAlbum.h */; settings = {ATTRIBUTES = (Public, ); }; };
		6E5344671C2E64AC00C23837 /* SFArtist.h in Headers */ = {isa = PBXBuildFile; fileRef = 6E51DA301C2DC06B00A95C79 /* SFArtist.h */; settings = {ATTRIBUTES = (Public, ); }; };
		6E5344681C2E64AC00C23837 /* SFConfig.h in Headers */ = {isa = PBXBuildFile; fileRef = 6E51DA311C2DC06B00A95C79 /* SFConfig.h */; settings = {ATTRIBUTES = (Public, ); }; };
		6E5344691C2E64AC00C23837 /* SFDirection.h in Headers */ = {isa = PBXBuildFile; fileRef = 6E51DA321C2DC06B00A95C79 /* SFDirection.h */; settings = {ATTRIBUTES = (Public, ); }; };
		6E53446A1C2E64AC00C23837 /* SFFeatureTag.h in Headers */ = {isa = PBXBuildFile; fileRef = 6E51DA331C2DC06B00A95C79 /* SFFeatureTag.h */; settings = {ATTRIBUTES = (Public, ); }; };
		6E53446B1C2E64AC00C23837 /* SFFont.h in Headers */ = {isa = PBXBuildFile; fileRef = 6E51DA341C2DC06B00A95C79 /* SFFont.h */; settings = {ATTRIBUTES = (Public, ); }; };
		6E53446C1C2E64AC00C23837 /* SFLanguageTag.h in Headers */ = {isa = PBXBuildFile; fileRef = 6E51DA351C2DC06B00A95C79 /* SFLanguageTag.h */; settings = {ATTRIBUTES = (Public, ); }; };
		6E53446D1C2E64AC00C23837 /* SFPattern.h in Headers */ = {isa = PBXBuildFile; fileRef = 6E51DA361C2DC06B00A95C79 /* SFPattern.h */; settings = {ATTRIBUTES = (Public, ); }; };
		6E53446E1C2E64AC00C23837 /* SFScheme.h in Headers */ = {isa = PBXBuildFile; fileRef = 6E51DA371C2DC06B00A95C79 /* SFScheme.h */; settings = {ATTRIBUTES = (Public, ); }; };
		6E53446F1C2E64AC00C23837 /* SFScriptTag.h in Headers */ = {isa = PBXBuildFile; fileRef = 6E51DA381C2DC06B00A95C79 /* SFScriptTag.h */; settings = {ATTRIBUTES = (Public, ); }; };
		6E5344701C2E64AC00C23837 /* SFTypes.h in Headers */ = {isa = PBXBuildFile; fileRef = 6E51DA391C2DC06B00A95C79 /* SFTypes.h */; settings = {ATTRIBUTES = (Public, ); }; };
		6E5344721C2E64D900C23837 /* SFAlbum.h in Headers */ = {isa = PBXBuildFile; fileRef = 6E51DA2F1C2DC06B00A95C79 /* SFAlbum.h */; settings = {ATTRIBUTES = (Public, ); }; };
		6E5344731C2E64D900C23837 /* SFArtist.h in Headers */ = {isa = PBXBuildFile; fileRef = 6E51DA301C2DC06B00A95C79 /* SFArtist.h */; settings = {ATTRIBUTES = (Public, ); }; };
		6E5344741C2E64D900C23837 /* SFConfig.h in Headers */ = {isa = PBXBuildFile; fileRef = 6E51DA311C2DC06B00A95C79 /* SFConfig.h */; settings = {ATTRIBUTES = (Public, ); }; };
		6E5344751C2E64D900C23837 /* SFDirection.h in Headers */ = {isa = PBXBuildFile; fileRef = 6E51DA321C2DC06B00A95C79 /* SFDirection.h */; settings = {ATTRIBUTES = (Public, ); }; };
		6E5344761C2E64D900C23837 /* SFFeatureTag.h in Headers */ = {isa = PBXBuildFile; fileRef = 6E51DA331C2DC06B00A95C79 /* SFFeatureTag.h */; settings = {ATTRIBUTES = (Public, ); }; };
		6E5344771C2E64D900C23837 /* SFFont.h in Headers */ = {isa = PBXBuildFile; fileRef = 6E51DA341C2DC06B00A95C79 /* SFFont.h */; settings = {ATTRIBUTES = (Public, ); }; };
		6E5344781C2E64DA00C23837 /* SFLanguageTag.h in Headers */ = {isa = PBXBuildFile; fileRef = 6E51DA351C2DC06B00A95C79 /* SFLanguageTag.h */; settings = {ATTRIBUTES = (Public, ); }; };
		6E5344791C2E64DA00C23837 /* SFPattern.h in Headers */ = {isa = PBXBuildFile; fileRef = 6E51DA361C2DC06B00A95C79 /* SFPattern.h */; settings = {ATTRIBUTES = (Public, ); }; };
		6E53447A1C2E64DA00C23837 /* SFScheme.h in Headers */ = {isa = PBXBuildFile; fileRef = 6E51DA371C2DC06B00A95C79 /* SFScheme.h */; settings = {ATTRIBUTES = (Public, ); }; };
		6E53447B1C2E64DA00C23837 /* SFScriptTag.h in Headers */ = {isa = PBXBuildFile; fileRef = 6E51DA381C2DC06B00A95C79 /* SFScriptTag.h */; settings = {ATTRIBUTES = (Public, ); }; };
		6E53447C1C2E64DA00C23837 /* SFTypes.h in Headers */ = {isa = PBXBuildFile; fileRef = 6E51DA391C2DC06B00A95C79 /* SFTypes.h */; settings = {ATTRIBUTES = (Public, ); }; };
		6E53447D1C2E64DD00C23837 /* SheenFigure.h in Headers */ = {isa = PBXBuildFile; fileRef = 6E51DA3A1C2DC06B00A95C79 /* SheenFigure.h */; settings = {ATTRIBUTES = (Public, ); }; };
		6E5344E21C2E65B000C23837 /* SFFontCache.h in Headers */ = {isa = PBXBuildFile; fileRef = 6E51DA3C1C2DC07A00A95C79 /* SFFontCache.h */; settings = {ATTRIBUTES = (Private, ); }; };
		6E5344E31C2E65B000C23837 /* SFCommon.h in Headers */ = {isa = PBXBuildFile; fileRef = 6E51DA3F1C2DC09000A95C79 /* SFCommon.h */; settings = {ATTRIBUTES = (Private, ); }; };
		6E5344E41C2E65B000C23837 /* SFData.h in Headers */ = {isa = PBXBuildFile; fileRef = 6E51DA401C2DC09000A95C79 /* SFData.h */; settings = {ATTRIBUTES = (Private, ); }; };
		6E5344E51C2E65B000C23837 /* SFGDEF.h in Headers */ = {isa = PBXBuildFile; fileRef = 6E51DA411C2DC09000A95C79 /* SFGDEF.h */; settings = {ATTRIBUTES = (Private, ); }; };
		6E5344E61C2E65B000C23837 /* SFGPOS.h in Headers */ = {isa = PBXBuildFile; fileRef = 6E51DA421C2DC09000A95C79 /* SFGPOS.h */; settings = {ATTRIBUTES = (Private, ); }; };
		6E5344E71C2E65B000C23837 /* SFGSUB.h in Headers */ = {isa = PBXBuildFile; fileRef = 6E51DA431C2DC09000A95C79 /* SFGSUB.h */; settings = {ATTRIBUTES = (Private, ); }; };
		6E5344E81C2E65B000C23837 /* SFOpenType.h in Headers */ = {isa = PBXBuildFile; fileRef = 6E51DA451C2DC09000A95C79 /* SFOpenType.h */; settings = {ATTRIBUTES = (Private, ); }; };
		6E5344E91C2E65B000C23837 /* SFArabicEngine.h in Headers */ = {isa = PBXBuildFile; fileRef = 6E51DA491C2DC0AD00A95C79 /* SFArabicEngine.h */; settings = {ATTRIBUTES = (Private, ); }; };
		6E5344EA1C2E65B000C23837 /* SFAssert.h in Headers */ = {isa = PBXBuildFile; fileRef = 6E51DA4A1C2DC0AD00A95C79 /* SFAssert.h */; settings = {ATTRIBUTES = (Private, ); }; };
		6E5344EB1C2E65B000C23837 /* SFShapingEngine.h in Headers */ = {isa = PBXBuildFile; fileRef = 6E51DA4C1C2DC0AD00A95C79 /* SFShapingEngine.h */; settings = {ATTRIBUTES = (Private, ); }; };
		6E5344EC1C2E65B000C23837 /* SFStandardEngine.h in Headers */ = {isa = PBXBuildFile; fileRef = 6E51DA4E1C2DC0AD00A95C79 /* SFStandardEngine.h */; settings = {ATTRIBUTES = (Private, ); }; };
		6E5344ED1C2E65B000C23837 /* SFUnifiedEngine.h in Headers */ = {isa = PBXBuildFile; fileRef = 6E51DA501C2DC0AD00A95C79 /* SFUnifiedEngine.h */; settings = {ATTRIBUTES = (Private, ); }; };
		6E5344EE1C2E65B000C23837 /* SFGlyphDiscovery.h in Headers */ = {isa = PBXBuildFile; fileRef = 6E51DA561C2DC0CD00A95C79 /* SFGlyphDiscovery.h */; settings = {ATTRIBUTES = (Private, ); }; };
		6E5344EF1C2E65B000C23837 /* SFGlyphManipulation.h in Headers */ = {isa = PBXBuildFile; fileRef = 6E51DA581C2DC0CD00A95C79 /* SFGlyphManipulation.h */; settings = {ATTRIBUTES = (Private, ); }; };
		6E5344F01C2E65B000C23837 /* SFGlyphPositioning.h in Headers */ = {isa = PBXBuildFile; fileRef = 6E51DA5A1C2DC0CD00A95C79 /* SFGlyphPositioning.h */; settings = {ATTRIBUTES = (Private, ); }; };
		6E5344F11C2E65B000C23837 /* SFGlyphSubstitution.h in Headers */ = {isa = PBXBuildFile; fileRef = 6E51DA5C1C2DC0CD00A95C79 /* SFGlyphSubstitution.h */; settings = {ATTRIBUTES = (Private, ); }; };
		6E5344F21C2E65B000C23837 /* SFTextProcessor.h in Headers */ = {isa = PBXBuildFile; fileRef = 6E51DA5E1C2DC0CD00A95C79 /* SFTextProcessor.h */; settings = {ATTRIBUTES = (Private, ); }; };
		6E5344F31C2E65B000C23837 /* SFAlbum.h in Headers */ = {isa = PBXBuildFile; fileRef = 6E51DA651C2DC0E000A95C79 /* SFAlbum.h */; settings = {ATTRIBUTES = (Private, ); }; };
		6E5344F41C2E65B000C23837 /* SFArtist.h in Headers */ = {isa = PBXBuildFile; fileRef = 6E51DA671C2DC0E000A95C79 /* SFArtist.h */; settings = {ATTRIBUTES = (Private, ); }; };
		6E5344F51C2E65B000C23837 /* SFFont.h in Headers */ = {isa = PBXBuildFile; fileRef = 6E51DA691C2DC0E000A95C79 /* SFFont.h */; settings = {ATTRIBUTES = (Private, ); }; };
		6E5344F61C2E65B000C23837 /* SFList.h in Headers */ = {isa = PBXBuildFile; fileRef = 6E51DA6B1C2DC0E000A95C79 /* SFList.h */; settings = {ATTRIBUTES = (Private, ); }; };
		6E5344F71C2E65B000C23837 /* SFLocator.h in Headers */ = {isa = PBXBuildFile; fileRef = 6E51DA6D1C2DC0E000A95C79 /* SFLocator.h */; settings = {ATTRIBUTES = (Private, ); }; };
		6E5344F81C2E65B000C23837 /* SFPattern.h in Headers */ = {isa = PBXBuildFile; fileRef = 6E51DA6F1C2DC0E000A95C79 /* SFPattern.h */; settings = {ATTRIBUTES = (Private, ); }; };
		6E5344F91C2E65B000C23837 /* SFPatternBuilder.h in Headers */ = {isa = PBXBuildFile; fileRef = 6E51DA711C2DC0E000A95C79 /* SFPatternBuilder.h */; settings = {ATTRIBUTES = (Private, ); }; };
		6E5344FA1C2E65B000C23837 /* SFScheme.h in Headers */ = {isa = PBXBuildFile; fileRef = 6E51DA731C2DC0E000A95C79 /* SFScheme.h */; settings = {ATTRIBUTES = (Private, ); }; };
		6E5344FB1C2E65B800C23837 /* SFFontCache.h in Headers */ = {isa = PBXBuildFile; fileRef = 6E51DA3C1C2DC07A00A95C79 /* SFFontCache.h */; settings = {ATTRIBUTES = (Private, ); }; };
		6E5344FC1C2E65B800C23837 /* SFCommon.h in Headers */ = {isa = PBXBuildFile; fileRef = 6E51DA3F1C2DC09000A95C79 /* SFCommon.h */; settings = {ATTRIBUTES = (Private, ); }; };
		6E5344FD1C2E65B800C23837 /* SFData.h in Headers */ = {isa = PBXBuildFile; fileRef = 6E51DA401C2DC09000A95C79 /* SFData.h */; settings = {ATTRIBUTES = (Private, ); }; };
		6E5344FE1C2E65B800C23837 /* SFGDEF.h in Headers */ = {isa = PBXBuildFile; fileRef = 6E51DA411C2DC09000A95C79 /* SFGDEF.h */; settings = {ATTRIBUTES = (Private, ); }; };
		6E5344FF1C2E65B800C23837 /* SFGPOS.h in Headers */ = {isa = PBXBuildFile; fileRef = 6E51DA421C2DC09000A95C79 /* SFGPOS.h */; settings = {ATTRIBUTES = (Private, ); }; };
		6E5345001C2E65B800C23837 /* SFGSUB.h in Headers */ = {isa = PBXBuildFile; fileRef = 6E51DA431C2DC09000A95C79 /* SFGSUB.h */; settings = {ATTRIBUTES = (Private, ); }; };
		6E5345011C2E65B800C23837 /* SFOpenType.h in Headers */ = {isa = PBXBuildFile; fileRef = 6E51DA451C2DC09000A95C79 /* SFOpenType.h */; settings = {ATTRIBUTES = (Private, ); }; };
		6E5345021C2E65B800C23837 /* SFArabicEngine.h in Headers */ = {isa = PBXBuildFile; fileRef = 6E51DA491C2DC0AD00A95C79 /* SFArabicEngine.h */; settings = {ATTRIBUTES = (Private, ); }; };
		6E5345031C2E65B800C23837 /* SFAssert.h in Headers */ = {isa = PBXBuildFile; fileRef = 6E51DA4A1C2DC0AD00A95C79 /* SFAssert.h */; settings = {ATTRIBUTES = (Private, ); }; };
		6E5345041C2E65B800C23837 /* SFShapingEngine.h in Headers */ = {isa = PBXBuildFile; fileRef = 6E51DA4C1C2DC0AD00A95C79 /* SFShapingEngine.h */; settings = {ATTRIBUTES = (Private, ); }; };
		6E5345051C2E65B800C23837 /* SFStandardEngine.h in Headers */ = {isa = PBXBuildFile; fileRef = 6E51DA4E1C2DC0AD00A95C79 /* SFStandardEngine.h */; settings = {ATTRIBUTES = (Private, ); }; };
		6E5345061C2E65B800C23837 /* SFUnifiedEngine.h in Headers */ = {isa = PBXBuildFile; fileRef = 6E51DA501C2DC0AD00A95C79 /* SFUnifiedEngine.h */; settings = {ATTRIBUTES = (Private, ); }; };
		6E5345071C2E65B800C23837 /* SFGlyphDiscovery.h in Headers */ = {isa = PBXBuildFile; fileRef = 6E51DA561C2DC0CD00A95C79 /* SFGlyphDiscovery.h */; settings = {ATTRIBUTES = (Private, ); }; };
		6E5345081C2E65B800C23837 /* SFGlyphManipulation.h in Headers */ = {isa = PBXBuildFile; fileRef = 6E51DA581C2DC0CD00A95C79 /* SFGlyphManipulation.h */; settings = {ATTRIBUTES = (Private, ); }; };
		6E5345091C2E65B800C23837 /* SFGlyphPositioning.h in Headers */ = {isa = PBXBuildFile; fileRef = 6E51DA5A1C2DC0CD00A95C79 /* SFGlyphPositioning.h */; settings = {ATTRIBUTES = (Private, ); }; };
		6E53450A1C2E65B800C23837 /* SFGlyphSubstitution.h in Headers */ = {isa = PBXBuildFile; fileRef = 6E51DA5C1C2DC0CD00A95C79 /* SFGlyphSubstitution.h */; settings = {ATTRIBUTES = (Private, ); }; };
		6E53450B1C2E65B800C23837 /* SFTextProcessor.h in Headers */ = {isa = PBXBuildFile; fileRef = 6E51DA5E1C2DC0CD00A95C79 /* SFTextProcessor.h */; settings = {ATTRIBUTES = (Private, ); }; };
		6E53450C1C2E65B800C23837 /* SFAlbum.h in Headers */ = {isa = PBXBuildFile; fileRef = 6E51DA651C2DC0E000A95C79 /* SFAlbum.h */; settings = {ATTRIBUTES = (Private, ); }; };
		6E53450D1C2E65B800C23837 /* SFArtist.h in Headers */ = {isa = PBXBuildFile; fileRef = 6E51DA671C2DC0E000A95C79 /* SFArtist.h */; settings = {ATTRIBUTES = (Private, ); }; };
		6E53450E1C2E65B800C23837 /* SFFont.h in Headers */ = {isa = PBXBuildFile; fileRef = 6E51DA691C2DC0E000A95C79 /* SFFont.h */; settings = {ATTRIBUTES = (Private, ); }; };
		6E53450F1C2E65B800C23837 /* SFList.h in Headers */ = {isa = PBXBuildFile; fileRef = 6E51DA6B1C2DC0E000A95C79 /* SFList.h */; settings = {ATTRIBUTES = (Private, ); }; };
		6E5345101C2E65B800C23837 /* SFLocator.h in Headers */ = {isa = PBXBuildFile; fileRef = 6E51DA6D1C2DC0E000A95C79 /* SFLocator.h */; settings = {ATTRIBUTES = (Private, ); }; };
		6E5345111C2E65B800C23837 /* SFPattern.h in Headers */ = {isa = PBXBuildFile; fileRef = 6E51DA6F1C2DC0E000A95C79 /* SFPattern.h */; settings = {ATTRIBUTES = (Private, ); }; };
		6E5345121C2E65B900C23837 /* SFPatternBuilder.h in Headers */ = {isa = PBXBuildFile; fileRef = 6E51DA711C2DC0E000A95C79 /* SFPatternBuilder.h */; settings = {ATTRIBUTES = (Private, ); }; };
		6E5345131C2E65B900C23837 /* SFScheme.h in Headers */ = {isa = PBXBuildFile; fileRef = 6E51DA731C2DC0E000A95C79 /* SFScheme.h */; settings = {ATTRIBUTES = (Private, ); }; };
		6E5345351C2E730D00C23837 /* libFreeType.a in Frameworks */ = {isa = PBXBuildFile; fileRef = 6E5345341C2E730D00C23837 /* libFreeType.a */; };
		6E5345371C2E731500C23837 /* libFreeType.a in Frameworks */ = {isa = PBXBuildFile; fileRef = 6E5345361C2E731500C23837 /* libFreeType.a */; };
		6EC153E11C2E583900A84A7D /* SFGlyphSubstitution.c in Sources */ = {isa = PBXBuildFile; fileRef = 6E51DA5B1C2DC0CD00A95C79 /* SFGlyphSubstitution.c */; };
		6EC153E21C2E583900A84A7D /* SFScheme.c in Sources */ = {isa = PBXBuildFile; fileRef = 6E51DA721C2DC0E000A95C79 /* SFScheme.c */; };
		6EC153E31C2E583900A84A7D /* SFFontCache.c in Sources */ = {isa = PBXBuildFile; fileRef = 6E51DA3B1C2DC07A00A95C79 /* SFFontCache.c */; };
		6EC153E41C2E583900A84A7D /* SFUnifiedEngine.c in Sources */ = {isa = PBXBuildFile; fileRef = 6E51DA4F1C2DC0AD00A95C79 /* SFUnifiedEngine.c */; };
		6EC153E51C2E583900A84A7D /* SFGlyphManipulation.c in Sources */ = {isa = PBXBuildFile; fileRef = 6E51DA571C2DC0CD00A95C79 /* SFGlyphManipulation.c */; };
		6EC153E61C2E583900A84A7D /* SFOpenType.c in Sources */ = {isa = PBXBuildFile; fileRef = 6E51DA441C2DC09000A95C79 /* SFOpenType.c */; };
		6EC153E71C2E583900A84A7D /* SFLocator.c in Sources */ = {isa = PBXBuildFile; fileRef = 6E51DA6C1C2DC0E000A95C79 /* SFLocator.c */; };
		6EC153E81C2E583900A84A7D /* SFAlbum.c in Sources */ = {isa = PBXBuildFile; fileRef = 6E51DA641C2DC0E000A95C79 /* SFAlbum.c */; };
		6EC153E91C2E583900A84A7D /* SFGlyphDiscovery.c in Sources */ = {isa = PBXBuildFile; fileRef = 6E51DA551C2DC0CD00A95C79 /* SFGlyphDiscovery.c */; };
		6EC153EA1C2E583900A84A7D /* SFArtist.c in Sources */ = {isa = PBXBuildFile; fileRef = 6E51DA661C2DC0E000A95C79 /* SFArtist.c */; };
		6EC153EB1C2E583900A84A7D /* SFPatternBuilder.c in Sources */ = {isa = PBXBuildFile; fileRef = 6E51DA701C2DC0E000A95C79 /* SFPatternBuilder.c */; };
		6EC153EC1C2E583900A84A7D /* SFPattern.c in Sources */ = {isa = PBXBuildFile; fileRef = 6E51DA6E1C2DC0E000A95C79 /* SFPattern.c */; };
		6EC153ED1C2E583900A84A7D /* SFStandardEngine.c in Sources */ = {isa = PBXBuildFile; fileRef = 6E51DA4D1C2DC0AD00A95C79 /* SFStandardEngine.c */; };
		6EC153EE1C2E583900A84A7D /* SFFont.c in Sources */ = {isa = PBXBuildFile; fileRef = 6E51DA681C2DC0E000A95C79 /* SFFont.c */; };
		6EC153EF1C2E583900A84A7D /* SFTextProcessor.c in Sources */ = {isa = PBXBuildFile; fileRef = 6E51DA5D1C2DC0CD00A95C79 /* SFTextProcessor.c */; };
		6EC153F01C2E583900A84A7D /* SFArabicEngine.c in Sources */ = {isa = PBXBuildFile; fileRef = 6E51DA481C2DC0AD00A95C79 /* SFArabicEngine.c */; };
		6EC153F11C2E583900A84A7D /* SFShapingEngine.c in Sources */ = {isa = PBXBuildFile; fileRef = 6E51DA4B1C2DC0AD00A95C79 /* SFShapingEngine.c */; };
		6EC153F21C2E583900A84A7D /* SFList.c in Sources */ = {isa = PBXBuildFile; fileRef = 6E51DA6A1C2DC0E000A95C79 /* SFList.c */; };
		6EC153F31C2E583900A84A7D /* SFGlyphPositioning.c in Sources */ = {isa = PBXBuildFile; fileRef = 6E51DA591C2DC0CD00A95C79 /* SFGlyphPositioning.c */; };
/* End PBXBuildFile section */

/* Begin PBXCopyFilesBuildPhase section */
		6E9C29A11B99DB0E007FC446 /* CopyFiles */ = {
			isa = PBXCopyFilesBuildPhase;
			buildActionMask = 2147483647;
			dstPath = "include/$(PRODUCT_NAME)";
			dstSubfolderSpec = 16;
			files = (
			);
			runOnlyForDeploymentPostprocessing = 0;
		};
		6EC153F51C2E583900A84A7D /* CopyFiles */ = {
			isa = PBXCopyFilesBuildPhase;
			buildActionMask = 2147483647;
			dstPath = "include/$(PRODUCT_NAME)";
			dstSubfolderSpec = 16;
			files = (
			);
			runOnlyForDeploymentPostprocessing = 0;
		};
/* End PBXCopyFilesBuildPhase section */

/* Begin PBXFileReference section */
		6E51DA2F1C2DC06B00A95C79 /* SFAlbum.h */ = {isa = PBXFileReference; fileEncoding = 4; lastKnownFileType = sourcecode.c.h; name = SFAlbum.h; path = Headers/SFAlbum.h; sourceTree = "<group>"; };
		6E51DA301C2DC06B00A95C79 /* SFArtist.h */ = {isa = PBXFileReference; fileEncoding = 4; lastKnownFileType = sourcecode.c.h; name = SFArtist.h; path = Headers/SFArtist.h; sourceTree = "<group>"; };
		6E51DA311C2DC06B00A95C79 /* SFConfig.h */ = {isa = PBXFileReference; fileEncoding = 4; lastKnownFileType = sourcecode.c.h; name = SFConfig.h; path = Headers/SFConfig.h; sourceTree = "<group>"; };
		6E51DA321C2DC06B00A95C79 /* SFDirection.h */ = {isa = PBXFileReference; fileEncoding = 4; lastKnownFileType = sourcecode.c.h; name = SFDirection.h; path = Headers/SFDirection.h; sourceTree = "<group>"; };
		6E51DA331C2DC06B00A95C79 /* SFFeatureTag.h */ = {isa = PBXFileReference; fileEncoding = 4; lastKnownFileType = sourcecode.c.h; name = SFFeatureTag.h; path = Headers/SFFeatureTag.h; sourceTree = "<group>"; };
		6E51DA341C2DC06B00A95C79 /* SFFont.h */ = {isa = PBXFileReference; fileEncoding = 4; lastKnownFileType = sourcecode.c.h; name = SFFont.h; path = Headers/SFFont.h; sourceTree = "<group>"; };
		6E51DA351C2DC06B00A95C79 /* SFLanguageTag.h */ = {isa = PBXFileReference; fileEncoding = 4; lastKnownFileType = sourcecode.c.h; name = SFLanguageTag.h; path = Headers/SFLanguageTag.h; sourceTree = "<group>"; };
		6E51DA361C2DC06B00A95C79 /* SFPattern.h */ = {isa = PBXFileReference; fileEncoding = 4; lastKnownFileType = sourcecode.c.h; name = SFPattern.h; path = Headers/SFPattern.h; sourceTree = "<group>"; };
		6E51DA371C2DC06B00A95C79 /* SFScheme.h */ = {isa = PBXFileReference; fileEncoding = 4; lastKnownFileType = sourcecode.c.h; name = SFScheme.h; path = Headers/SFScheme.h; sourceTree = "<group>"; };
		6E51DA381C2DC06B00A95C79 /* SFScriptTag.h */ = {isa = PBXFileReference; fileEncoding = 4; lastKnownFileType = sourcecode.c.h; name = SFScriptTag.h; path = Headers/SFScriptTag.h; sourceTree = "<group>"; };
		6E51DA391C2DC06B00A95C79 /* SFTypes.h */ = {isa = PBXFileReference; fileEncoding = 4; lastKnownFileType = sourcecode.c.h; name = SFTypes.h; path = Headers/SFTypes.h; sourceTree = "<group>"; };
		6E51DA3A1C2DC06B00A95C79 /* SheenFigure.h */ = {isa = PBXFileReference; fileEncoding = 4; lastKnownFileType = sourcecode.c.h; name = SheenFigure.h; path = Headers/SheenFigure.h; sourceTree = "<group>"; };
		6E51DA3B1C2DC07A00A95C79 /* SFFontCache.c */ = {isa = PBXFileReference; fileEncoding = 4; lastKnownFileType = sourcecode.c.c; name = SFFontCache.c; path = Source/SFFontCache.c; sourceTree = "<group>"; };
		6E51DA3C1C2DC07A00A95C79 /* SFFontCache.h */ = {isa = PBXFileReference; fileEncoding = 4; lastKnownFileType = sourcecode.c.h; name = SFFontCache.h; path = Source/SFFontCache.h; sourceTree = "<group>"; };
		6E51DA3F1C2DC09000A95C79 /* SFCommon.h */ = {isa = PBXFileReference; fileEncoding = 4; lastKnownFileType = sourcecode.c.h; name = SFCommon.h; path = Source/SFCommon.h; sourceTree = "<group>"; };
		6E51DA401C2DC09000A95C79 /* SFData.h */ = {isa = PBXFileReference; fileEncoding = 4; lastKnownFileType = sourcecode.c.h; name = SFData.h; path = Source/SFData.h; sourceTree = "<group>"; };
		6E51DA411C2DC09000A95C79 /* SFGDEF.h */ = {isa = PBXFileReference; fileEncoding = 4; lastKnownFileType = sourcecode.c.h; name = SFGDEF.h; path = Source/SFGDEF.h; sourceTree = "<group>"; };
		6E51DA421C2DC09000A95C79 /* SFGPOS.h */ = {isa = PBXFileReference; fileEncoding = 4; lastKnownFileType = sourcecode.c.h; name = SFGPOS.h; path = Source/SFGPOS.h; sourceTree = "<group>"; };
		6E51DA431C2DC09000A95C79 /* SFGSUB.h */ = {isa = PBXFileReference; fileEncoding = 4; lastKnownFileType = sourcecode.c.h; name = SFGSUB.h; path = Source/SFGSUB.h; sourceTree = "<group>"; };
		6E51DA441C2DC09000A95C79 /* SFOpenType.c */ = {isa = PBXFileReference; fileEncoding = 4; lastKnownFileType = sourcecode.c.c; name = SFOpenType.c; path = Source/SFOpenType.c; sourceTree = "<group>"; };
		6E51DA451C2DC09000A95C79 /* SFOpenType.h */ = {isa = PBXFileReference; fileEncoding = 4; lastKnownFileType = sourcecode.c.h; name = SFOpenType.h; path = Source/SFOpenType.h; sourceTree = "<group>"; };
		6E51DA481C2DC0AD00A95C79 /* SFArabicEngine.c */ = {isa = PBXFileReference; fileEncoding = 4; lastKnownFileType = sourcecode.c.c; name = SFArabicEngine.c; path = Source/SFArabicEngine.c; sourceTree = "<group>"; };
		6E51DA491C2DC0AD00A95C79 /* SFArabicEngine.h */ = {isa = PBXFileReference; fileEncoding = 4; lastKnownFileType = sourcecode.c.h; name = SFArabicEngine.h; path = Source/SFArabicEngine.h; sourceTree = "<group>"; };
		6E51DA4A1C2DC0AD00A95C79 /* SFAssert.h */ = {isa = PBXFileReference; fileEncoding = 4; lastKnownFileType = sourcecode.c.h; name = SFAssert.h; path = Source/SFAssert.h; sourceTree = "<group>"; };
		6E51DA4B1C2DC0AD00A95C79 /* SFShapingEngine.c */ = {isa = PBXFileReference; fileEncoding = 4; lastKnownFileType = sourcecode.c.c; name = SFShapingEngine.c; path = Source/SFShapingEngine.c; sourceTree = "<group>"; };
		6E51DA4C1C2DC0AD00A95C79 /* SFShapingEngine.h */ = {isa = PBXFileReference; fileEncoding = 4; lastKnownFileType = sourcecode.c.h; name = SFShapingEngine.h; path = Source/SFShapingEngine.h; sourceTree = "<group>"; };
		6E51DA4D1C2DC0AD00A95C79 /* SFStandardEngine.c */ = {isa = PBXFileReference; fileEncoding = 4; lastKnownFileType = sourcecode.c.c; name = SFStandardEngine.c; path = Source/SFStandardEngine.c; sourceTree = "<group>"; };
		6E51DA4E1C2DC0AD00A95C79 /* SFStandardEngine.h */ = {isa = PBXFileReference; fileEncoding = 4; lastKnownFileType = sourcecode.c.h; name = SFStandardEngine.h; path = Source/SFStandardEngine.h; sourceTree = "<group>"; };
		6E51DA4F1C2DC0AD00A95C79 /* SFUnifiedEngine.c */ = {isa = PBXFileReference; fileEncoding = 4; lastKnownFileType = sourcecode.c.c; name = SFUnifiedEngine.c; path = Source/SFUnifiedEngine.c; sourceTree = "<group>"; };
		6E51DA501C2DC0AD00A95C79 /* SFUnifiedEngine.h */ = {isa = PBXFileReference; fileEncoding = 4; lastKnownFileType = sourcecode.c.h; name = SFUnifiedEngine.h; path = Source/SFUnifiedEngine.h; sourceTree = "<group>"; };
		6E51DA551C2DC0CD00A95C79 /* SFGlyphDiscovery.c */ = {isa = PBXFileReference; fileEncoding = 4; lastKnownFileType = sourcecode.c.c; name = SFGlyphDiscovery.c; path = Source/SFGlyphDiscovery.c; sourceTree = "<group>"; };
		6E51DA561C2DC0CD00A95C79 /* SFGlyphDiscovery.h */ = {isa = PBXFileReference; fileEncoding = 4; lastKnownFileType = sourcecode.c.h; name = SFGlyphDiscovery.h; path = Source/SFGlyphDiscovery.h; sourceTree = "<group>"; };
		6E51DA571C2DC0CD00A95C79 /* SFGlyphManipulation.c */ = {isa = PBXFileReference; fileEncoding = 4; lastKnownFileType = sourcecode.c.c; name = SFGlyphManipulation.c; path = Source/SFGlyphManipulation.c; sourceTree = "<group>"; };
		6E51DA581C2DC0CD00A95C79 /* SFGlyphManipulation.h */ = {isa = PBXFileReference; fileEncoding = 4; lastKnownFileType = sourcecode.c.h; name = SFGlyphManipulation.h; path = Source/SFGlyphManipulation.h; sourceTree = "<group>"; };
		6E51DA591C2DC0CD00A95C79 /* SFGlyphPositioning.c */ = {isa = PBXFileReference; fileEncoding = 4; lastKnownFileType = sourcecode.c.c; name = SFGlyphPositioning.c; path = Source/SFGlyphPositioning.c; sourceTree = "<group>"; };
		6E51DA5A1C2DC0CD00A95C79 /* SFGlyphPositioning.h */ = {isa = PBXFileReference; fileEncoding = 4; lastKnownFileType = sourcecode.c.h; name = SFGlyphPositioning.h; path = Source/SFGlyphPositioning.h; sourceTree = "<group>"; };
		6E51DA5B1C2DC0CD00A95C79 /* SFGlyphSubstitution.c */ = {isa = PBXFileReference; fileEncoding = 4; lastKnownFileType = sourcecode.c.c; name = SFGlyphSubstitution.c; path = Source/SFGlyphSubstitution.c; sourceTree = "<group>"; };
		6E51DA5C1C2DC0CD00A95C79 /* SFGlyphSubstitution.h */ = {isa = PBXFileReference; fileEncoding = 4; lastKnownFileType = sourcecode.c.h; name = SFGlyphSubstitution.h; path = Source/SFGlyphSubstitution.h; sourceTree = "<group>"; };
		6E51DA5D1C2DC0CD00A95C79 /* SFTextProcessor.c */ = {isa = PBXFileReference; fileEncoding = 4; lastKnownFileType = sourcecode.c.c; name = SFTextProcessor.c; path = Source/SFTextProcessor.c; sourceTree = "<group>"; };
		6E51DA5E1C2DC0CD00A95C79 /* SFTextProcessor.h */ = {isa = PBXFileReference; fileEncoding = 4; lastKnownFileType = sourcecode.c.h; name = SFTextProcessor.h; path = Source/SFTextProcessor.h; sourceTree = "<group>"; };
		6E51DA641C2DC0E000A95C79 /* SFAlbum.c */ = {isa = PBXFileReference; fileEncoding = 4; lastKnownFileType = sourcecode.c.c; name = SFAlbum.c; path = Source/SFAlbum.c; sourceTree = "<group>"; };
		6E51DA651C2DC0E000A95C79 /* SFAlbum.h */ = {isa = PBXFileReference; fileEncoding = 4; lastKnownFileType = sourcecode.c.h; name = SFAlbum.h; path = Source/SFAlbum.h; sourceTree = "<group>"; };
		6E51DA661C2DC0E000A95C79 /* SFArtist.c */ = {isa = PBXFileReference; fileEncoding = 4; lastKnownFileType = sourcecode.c.c; name = SFArtist.c; path = Source/SFArtist.c; sourceTree = "<group>"; };
		6E51DA671C2DC0E000A95C79 /* SFArtist.h */ = {isa = PBXFileReference; fileEncoding = 4; lastKnownFileType = sourcecode.c.h; name = SFArtist.h; path = Source/SFArtist.h; sourceTree = "<group>"; };
		6E51DA681C2DC0E000A95C79 /* SFFont.c */ = {isa = PBXFileReference; fileEncoding = 4; lastKnownFileType = sourcecode.c.c; name = SFFont.c; path = Source/SFFont.c; sourceTree = "<group>"; };
		6E51DA691C2DC0E000A95C79 /* SFFont.h */ = {isa = PBXFileReference; fileEncoding = 4; lastKnownFileType = sourcecode.c.h; name = SFFont.h; path = Source/SFFont.h; sourceTree = "<group>"; };
		6E51DA6A1C2DC0E000A95C79 /* SFList.c */ = {isa = PBXFileReference; fileEncoding = 4; lastKnownFileType = sourcecode.c.c; name = SFList.c; path = Source/SFList.c; sourceTree = "<group>"; };
		6E51DA6B1C2DC0E000A95C79 /* SFList.h */ = {isa = PBXFileReference; fileEncoding = 4; lastKnownFileType = sourcecode.c.h; name = SFList.h; path = Source/SFList.h; sourceTree = "<group>"; };
		6E51DA6C1C2DC0E000A95C79 /* SFLocator.c */ = {isa = PBXFileReference; fileEncoding = 4; lastKnownFileType = sourcecode.c.c; name = SFLocator.c; path = Source/SFLocator.c; sourceTree = "<group>"; };
		6E51DA6D1C2DC0E000A95C79 /* SFLocator.h */ = {isa = PBXFileReference; fileEncoding = 4; lastKnownFileType = sourcecode.c.h; name = SFLocator.h; path = Source/SFLocator.h; sourceTree = "<group>"; };
		6E51DA6E1C2DC0E000A95C79 /* SFPattern.c */ = {isa = PBXFileReference; fileEncoding = 4; lastKnownFileType = sourcecode.c.c; name = SFPattern.c; path = Source/SFPattern.c; sourceTree = "<group>"; };
		6E51DA6F1C2DC0E000A95C79 /* SFPattern.h */ = {isa = PBXFileReference; fileEncoding = 4; lastKnownFileType = sourcecode.c.h; name = SFPattern.h; path = Source/SFPattern.h; sourceTree = "<group>"; };
		6E51DA701C2DC0E000A95C79 /* SFPatternBuilder.c */ = {isa = PBXFileReference; fileEncoding = 4; lastKnownFileType = sourcecode.c.c; name = SFPatternBuilder.c; path = Source/SFPatternBuilder.c; sourceTree = "<group>"; };
		6E51DA711C2DC0E000A95C79 /* SFPatternBuilder.h */ = {isa = PBXFileReference; fileEncoding = 4; lastKnownFileType = sourcecode.c.h; name = SFPatternBuilder.h; path = Source/SFPatternBuilder.h; sourceTree = "<group>"; };
		6E51DA721C2DC0E000A95C79 /* SFScheme.c */ = {isa = PBXFileReference; fileEncoding = 4; lastKnownFileType = sourcecode.c.c; name = SFScheme.c; path = Source/SFScheme.c; sourceTree = "<group>"; };
		6E51DA731C2DC0E000A95C79 /* SFScheme.h */ = {isa = PBXFileReference; fileEncoding = 4; lastKnownFileType = sourcecode.c.h; name = SFScheme.h; path = Source/SFScheme.h; sourceTree = "<group>"; };
		6E5287D71C2FB49100E95415 /* SFGeneralCategoryLookup.c */ = {isa = PBXFileReference; fileEncoding = 4; lastKnownFileType = sourcecode.c.c; name = SFGeneralCategoryLookup.c; path = Source/SFGeneralCategoryLookup.c; sourceTree = "<group>"; };
		6E5287D91C2FB78200E95415 /* SFGeneralCategoryLookup.h */ = {isa = PBXFileReference; fileEncoding = 4; lastKnownFileType = sourcecode.c.h; name = SFGeneralCategoryLookup.h; path = Source/SFGeneralCategoryLookup.h; sourceTree = "<group>"; };
		6E528C331C30566100F0B3B4 /* SFJoiningTypeLookup.c */ = {isa = PBXFileReference; fileEncoding = 4; lastKnownFileType = sourcecode.c.c; name = SFJoiningTypeLookup.c; path = Source/SFJoiningTypeLookup.c; sourceTree = "<group>"; };
		6E528C341C30566100F0B3B4 /* SFJoiningTypeLookup.h */ = {isa = PBXFileReference; fileEncoding = 4; lastKnownFileType = sourcecode.c.h; name = SFJoiningTypeLookup.h; path = Source/SFJoiningTypeLookup.h; sourceTree = "<group>"; };
		6E528C3B1C3056AE00F0B3B4 /* SFJoiningType.h */ = {isa = PBXFileReference; fileEncoding = 4; lastKnownFileType = sourcecode.c.h; name = SFJoiningType.h; path = Source/SFJoiningType.h; sourceTree = "<group>"; };
		6E5345341C2E730D00C23837 /* libFreeType.a */ = {isa = PBXFileReference; lastKnownFileType = archive.ar; name = libFreeType.a; path = ../FreeType/build/Debug/libFreeType.a; sourceTree = "<group>"; };
		6E5345361C2E731500C23837 /* libFreeType.a */ = {isa = PBXFileReference; lastKnownFileType = archive.ar; name = libFreeType.a; path = "../FreeType/build/Debug-iphoneos/libFreeType.a"; sourceTree = "<group>"; };
		6E598BE41C2ED7D00020F234 /* SFGeneralCategory.h */ = {isa = PBXFileReference; fileEncoding = 4; lastKnownFileType = sourcecode.c.h; name = SFGeneralCategory.h; path = Source/SFGeneralCategory.h; sourceTree = "<group>"; };
		6E9C29A31B99DB0E007FC446 /* libSheenFigure.a */ = {isa = PBXFileReference; explicitFileType = archive.ar; includeInIndex = 0; path = libSheenFigure.a; sourceTree = BUILT_PRODUCTS_DIR; };
		6EC153F91C2E583900A84A7D /* libSheenFigure.a */ = {isa = PBXFileReference; explicitFileType = archive.ar; includeInIndex = 0; path = libSheenFigure.a; sourceTree = BUILT_PRODUCTS_DIR; };
/* End PBXFileReference section */

/* Begin PBXFrameworksBuildPhase section */
		6E9C29A01B99DB0E007FC446 /* Frameworks */ = {
			isa = PBXFrameworksBuildPhase;
			buildActionMask = 2147483647;
			files = (
				6E5345371C2E731500C23837 /* libFreeType.a in Frameworks */,
			);
			runOnlyForDeploymentPostprocessing = 0;
		};
		6EC153F41C2E583900A84A7D /* Frameworks */ = {
			isa = PBXFrameworksBuildPhase;
			buildActionMask = 2147483647;
			files = (
				6E5345351C2E730D00C23837 /* libFreeType.a in Frameworks */,
			);
			runOnlyForDeploymentPostprocessing = 0;
		};
/* End PBXFrameworksBuildPhase section */

/* Begin PBXGroup section */
		6E0FB5051C267D0E00933766 /* TextProcessor */ = {
			isa = PBXGroup;
			children = (
				6E51DA551C2DC0CD00A95C79 /* SFGlyphDiscovery.c */,
				6E51DA561C2DC0CD00A95C79 /* SFGlyphDiscovery.h */,
				6E51DA571C2DC0CD00A95C79 /* SFGlyphManipulation.c */,
				6E51DA581C2DC0CD00A95C79 /* SFGlyphManipulation.h */,
				6E51DA591C2DC0CD00A95C79 /* SFGlyphPositioning.c */,
				6E51DA5A1C2DC0CD00A95C79 /* SFGlyphPositioning.h */,
				6E51DA5B1C2DC0CD00A95C79 /* SFGlyphSubstitution.c */,
				6E51DA5C1C2DC0CD00A95C79 /* SFGlyphSubstitution.h */,
				6E51DA5D1C2DC0CD00A95C79 /* SFTextProcessor.c */,
				6E51DA5E1C2DC0CD00A95C79 /* SFTextProcessor.h */,
			);
			name = TextProcessor;
			sourceTree = "<group>";
		};
		6E5345381C2E732400C23837 /* Libraries */ = {
			isa = PBXGroup;
			children = (
				6E5345361C2E731500C23837 /* libFreeType.a */,
				6E5345341C2E730D00C23837 /* libFreeType.a */,
			);
			name = Libraries;
			sourceTree = "<group>";
		};
		6E598BE31C2ED77E0020F234 /* Unicode */ = {
			isa = PBXGroup;
			children = (
				6E598BE41C2ED7D00020F234 /* SFGeneralCategory.h */,
				6E5287D71C2FB49100E95415 /* SFGeneralCategoryLookup.c */,
				6E5287D91C2FB78200E95415 /* SFGeneralCategoryLookup.h */,
				6E528C3B1C3056AE00F0B3B4 /* SFJoiningType.h */,
				6E528C331C30566100F0B3B4 /* SFJoiningTypeLookup.c */,
				6E528C341C30566100F0B3B4 /* SFJoiningTypeLookup.h */,
			);
			name = Unicode;
			sourceTree = "<group>";
		};
		6E9C299A1B99DB0E007FC446 = {
			isa = PBXGroup;
			children = (
				6E9C29A51B99DB0E007FC446 /* SheenFigure */,
				6E5345381C2E732400C23837 /* Libraries */,
				6E9C29A41B99DB0E007FC446 /* Products */,
			);
			sourceTree = "<group>";
		};
		6E9C29A41B99DB0E007FC446 /* Products */ = {
			isa = PBXGroup;
			children = (
				6E9C29A31B99DB0E007FC446 /* libSheenFigure.a */,
				6EC153F91C2E583900A84A7D /* libSheenFigure.a */,
			);
			name = Products;
			sourceTree = "<group>";
		};
		6E9C29A51B99DB0E007FC446 /* SheenFigure */ = {
			isa = PBXGroup;
			children = (
				6E9C2A2A1B99DC5D007FC446 /* Headers */,
				6E9C2A291B99DC4D007FC446 /* Source */,
			);
			path = SheenFigure;
			sourceTree = "<group>";
		};
		6E9C2A261B99DB86007FC446 /* OpenType */ = {
			isa = PBXGroup;
			children = (
				6E51DA3F1C2DC09000A95C79 /* SFCommon.h */,
				6E51DA401C2DC09000A95C79 /* SFData.h */,
				6E51DA411C2DC09000A95C79 /* SFGDEF.h */,
				6E51DA421C2DC09000A95C79 /* SFGPOS.h */,
				6E51DA431C2DC09000A95C79 /* SFGSUB.h */,
				6E51DA441C2DC09000A95C79 /* SFOpenType.c */,
				6E51DA451C2DC09000A95C79 /* SFOpenType.h */,
			);
			name = OpenType;
			sourceTree = "<group>";
		};
		6E9C2A271B99DBB3007FC446 /* ShapingEngine */ = {
			isa = PBXGroup;
			children = (
				6E51DA481C2DC0AD00A95C79 /* SFArabicEngine.c */,
				6E51DA491C2DC0AD00A95C79 /* SFArabicEngine.h */,
				6E51DA4A1C2DC0AD00A95C79 /* SFAssert.h */,
				6E51DA4B1C2DC0AD00A95C79 /* SFShapingEngine.c */,
				6E51DA4C1C2DC0AD00A95C79 /* SFShapingEngine.h */,
				6E51DA4D1C2DC0AD00A95C79 /* SFStandardEngine.c */,
				6E51DA4E1C2DC0AD00A95C79 /* SFStandardEngine.h */,
				6E51DA4F1C2DC0AD00A95C79 /* SFUnifiedEngine.c */,
				6E51DA501C2DC0AD00A95C79 /* SFUnifiedEngine.h */,
			);
			name = ShapingEngine;
			sourceTree = "<group>";
		};
		6E9C2A281B99DC01007FC446 /* FontCache */ = {
			isa = PBXGroup;
			children = (
				6E51DA3B1C2DC07A00A95C79 /* SFFontCache.c */,
				6E51DA3C1C2DC07A00A95C79 /* SFFontCache.h */,
			);
			name = FontCache;
			sourceTree = "<group>";
		};
		6E9C2A291B99DC4D007FC446 /* Source */ = {
			isa = PBXGroup;
			children = (
				6E9C2A281B99DC01007FC446 /* FontCache */,
				6E9C2A261B99DB86007FC446 /* OpenType */,
				6E9C2A271B99DBB3007FC446 /* ShapingEngine */,
				6E0FB5051C267D0E00933766 /* TextProcessor */,
				6E598BE31C2ED77E0020F234 /* Unicode */,
				6E51DA641C2DC0E000A95C79 /* SFAlbum.c */,
				6E51DA651C2DC0E000A95C79 /* SFAlbum.h */,
				6E51DA661C2DC0E000A95C79 /* SFArtist.c */,
				6E51DA671C2DC0E000A95C79 /* SFArtist.h */,
				6E51DA681C2DC0E000A95C79 /* SFFont.c */,
				6E51DA691C2DC0E000A95C79 /* SFFont.h */,
				6E51DA6A1C2DC0E000A95C79 /* SFList.c */,
				6E51DA6B1C2DC0E000A95C79 /* SFList.h */,
				6E51DA6C1C2DC0E000A95C79 /* SFLocator.c */,
				6E51DA6D1C2DC0E000A95C79 /* SFLocator.h */,
				6E51DA6E1C2DC0E000A95C79 /* SFPattern.c */,
				6E51DA6F1C2DC0E000A95C79 /* SFPattern.h */,
				6E51DA701C2DC0E000A95C79 /* SFPatternBuilder.c */,
				6E51DA711C2DC0E000A95C79 /* SFPatternBuilder.h */,
				6E51DA721C2DC0E000A95C79 /* SFScheme.c */,
				6E51DA731C2DC0E000A95C79 /* SFScheme.h */,
			);
			name = Source;
			sourceTree = "<group>";
		};
		6E9C2A2A1B99DC5D007FC446 /* Headers */ = {
			isa = PBXGroup;
			children = (
				6E51DA2F1C2DC06B00A95C79 /* SFAlbum.h */,
				6E51DA301C2DC06B00A95C79 /* SFArtist.h */,
				6E51DA311C2DC06B00A95C79 /* SFConfig.h */,
				6E51DA321C2DC06B00A95C79 /* SFDirection.h */,
				6E51DA331C2DC06B00A95C79 /* SFFeatureTag.h */,
				6E51DA341C2DC06B00A95C79 /* SFFont.h */,
				6E51DA351C2DC06B00A95C79 /* SFLanguageTag.h */,
				6E51DA361C2DC06B00A95C79 /* SFPattern.h */,
				6E51DA371C2DC06B00A95C79 /* SFScheme.h */,
				6E51DA381C2DC06B00A95C79 /* SFScriptTag.h */,
				6E51DA391C2DC06B00A95C79 /* SFTypes.h */,
				6E51DA3A1C2DC06B00A95C79 /* SheenFigure.h */,
			);
			name = Headers;
			sourceTree = "<group>";
		};
/* End PBXGroup section */

/* Begin PBXHeadersBuildPhase section */
		6E5344641C2E649400C23837 /* Headers */ = {
			isa = PBXHeadersBuildPhase;
			buildActionMask = 2147483647;
			files = (
				6E5344661C2E64AC00C23837 /* SFAlbum.h in Headers */,
				6E5344671C2E64AC00C23837 /* SFArtist.h in Headers */,
				6E5344681C2E64AC00C23837 /* SFConfig.h in Headers */,
				6E5344691C2E64AC00C23837 /* SFDirection.h in Headers */,
				6E53446A1C2E64AC00C23837 /* SFFeatureTag.h in Headers */,
				6E53446B1C2E64AC00C23837 /* SFFont.h in Headers */,
				6E53446C1C2E64AC00C23837 /* SFLanguageTag.h in Headers */,
				6E53446D1C2E64AC00C23837 /* SFPattern.h in Headers */,
				6E53446E1C2E64AC00C23837 /* SFScheme.h in Headers */,
				6E53446F1C2E64AC00C23837 /* SFScriptTag.h in Headers */,
				6E5344701C2E64AC00C23837 /* SFTypes.h in Headers */,
				6E5344651C2E64A400C23837 /* SheenFigure.h in Headers */,
				6E5344FB1C2E65B800C23837 /* SFFontCache.h in Headers */,
				6E5344FC1C2E65B800C23837 /* SFCommon.h in Headers */,
				6E5344FD1C2E65B800C23837 /* SFData.h in Headers */,
				6E5344FE1C2E65B800C23837 /* SFGDEF.h in Headers */,
				6E5344FF1C2E65B800C23837 /* SFGPOS.h in Headers */,
				6E5345001C2E65B800C23837 /* SFGSUB.h in Headers */,
				6E5345011C2E65B800C23837 /* SFOpenType.h in Headers */,
				6E5345021C2E65B800C23837 /* SFArabicEngine.h in Headers */,
				6E5345031C2E65B800C23837 /* SFAssert.h in Headers */,
				6E5345041C2E65B800C23837 /* SFShapingEngine.h in Headers */,
				6E5345051C2E65B800C23837 /* SFStandardEngine.h in Headers */,
				6E5345061C2E65B800C23837 /* SFUnifiedEngine.h in Headers */,
				6E5287DE1C2FB7DB00E95415 /* SFGeneralCategory.h in Headers */,
				6E5287DF1C2FB7DD00E95415 /* SFGeneralCategoryLookup.h in Headers */,
				6E5345071C2E65B800C23837 /* SFGlyphDiscovery.h in Headers */,
				6E5345081C2E65B800C23837 /* SFGlyphManipulation.h in Headers */,
				6E5345091C2E65B800C23837 /* SFGlyphPositioning.h in Headers */,
				6E53450A1C2E65B800C23837 /* SFGlyphSubstitution.h in Headers */,
				6E528C3A1C30567E00F0B3B4 /* SFJoiningTypeLookup.h in Headers */,
				6E53450B1C2E65B800C23837 /* SFTextProcessor.h in Headers */,
				6E53450C1C2E65B800C23837 /* SFAlbum.h in Headers */,
				6E53450D1C2E65B800C23837 /* SFArtist.h in Headers */,
				6E53450E1C2E65B800C23837 /* SFFont.h in Headers */,
				6E53450F1C2E65B800C23837 /* SFList.h in Headers */,
				6E5345101C2E65B800C23837 /* SFLocator.h in Headers */,
				6E5345111C2E65B800C23837 /* SFPattern.h in Headers */,
				6E528C3C1C3056AE00F0B3B4 /* SFJoiningType.h in Headers */,
				6E5345121C2E65B900C23837 /* SFPatternBuilder.h in Headers */,
				6E5345131C2E65B900C23837 /* SFScheme.h in Headers */,
			);
			runOnlyForDeploymentPostprocessing = 0;
		};
		6E5344711C2E64D600C23837 /* Headers */ = {
			isa = PBXHeadersBuildPhase;
			buildActionMask = 2147483647;
			files = (
				6E5344721C2E64D900C23837 /* SFAlbum.h in Headers */,
				6E5344731C2E64D900C23837 /* SFArtist.h in Headers */,
				6E5344741C2E64D900C23837 /* SFConfig.h in Headers */,
				6E5344751C2E64D900C23837 /* SFDirection.h in Headers */,
				6E5344761C2E64D900C23837 /* SFFeatureTag.h in Headers */,
				6E5344771C2E64D900C23837 /* SFFont.h in Headers */,
				6E5344781C2E64DA00C23837 /* SFLanguageTag.h in Headers */,
				6E5344791C2E64DA00C23837 /* SFPattern.h in Headers */,
				6E53447A1C2E64DA00C23837 /* SFScheme.h in Headers */,
				6E53447B1C2E64DA00C23837 /* SFScriptTag.h in Headers */,
				6E53447C1C2E64DA00C23837 /* SFTypes.h in Headers */,
				6E53447D1C2E64DD00C23837 /* SheenFigure.h in Headers */,
				6E5344E21C2E65B000C23837 /* SFFontCache.h in Headers */,
				6E5344E31C2E65B000C23837 /* SFCommon.h in Headers */,
				6E5344E41C2E65B000C23837 /* SFData.h in Headers */,
				6E5344E51C2E65B000C23837 /* SFGDEF.h in Headers */,
				6E5344E61C2E65B000C23837 /* SFGPOS.h in Headers */,
				6E5344E71C2E65B000C23837 /* SFGSUB.h in Headers */,
				6E5344E81C2E65B000C23837 /* SFOpenType.h in Headers */,
				6E5344E91C2E65B000C23837 /* SFArabicEngine.h in Headers */,
				6E5344EA1C2E65B000C23837 /* SFAssert.h in Headers */,
				6E5344EB1C2E65B000C23837 /* SFShapingEngine.h in Headers */,
				6E5344EC1C2E65B000C23837 /* SFStandardEngine.h in Headers */,
				6E5344ED1C2E65B000C23837 /* SFUnifiedEngine.h in Headers */,
				6E5287DC1C2FB7C500E95415 /* SFGeneralCategory.h in Headers */,
				6E5287DD1C2FB7C900E95415 /* SFGeneralCategoryLookup.h in Headers */,
				6E5344EE1C2E65B000C23837 /* SFGlyphDiscovery.h in Headers */,
				6E5344EF1C2E65B000C23837 /* SFGlyphManipulation.h in Headers */,
				6E5344F01C2E65B000C23837 /* SFGlyphPositioning.h in Headers */,
				6E5344F11C2E65B000C23837 /* SFGlyphSubstitution.h in Headers */,
				6E528C391C30567700F0B3B4 /* SFJoiningTypeLookup.h in Headers */,
				6E5344F21C2E65B000C23837 /* SFTextProcessor.h in Headers */,
				6E5344F31C2E65B000C23837 /* SFAlbum.h in Headers */,
				6E5344F41C2E65B000C23837 /* SFArtist.h in Headers */,
				6E5344F51C2E65B000C23837 /* SFFont.h in Headers */,
				6E5344F61C2E65B000C23837 /* SFList.h in Headers */,
				6E5344F71C2E65B000C23837 /* SFLocator.h in Headers */,
				6E5344F81C2E65B000C23837 /* SFPattern.h in Headers */,
				6E528C3D1C3056AE00F0B3B4 /* SFJoiningType.h in Headers */,
				6E5344F91C2E65B000C23837 /* SFPatternBuilder.h in Headers */,
				6E5344FA1C2E65B000C23837 /* SFScheme.h in Headers */,
			);
			runOnlyForDeploymentPostprocessing = 0;
		};
/* End PBXHeadersBuildPhase section */

/* Begin PBXNativeTarget section */
		6E9C29A21B99DB0E007FC446 /* SheenFigure-iOS */ = {
			isa = PBXNativeTarget;
			buildConfigurationList = 6E9C29B71B99DB0E007FC446 /* Build configuration list for PBXNativeTarget "SheenFigure-iOS" */;
			buildPhases = (
				6E9C299F1B99DB0E007FC446 /* Sources */,
				6E9C29A01B99DB0E007FC446 /* Frameworks */,
				6E9C29A11B99DB0E007FC446 /* CopyFiles */,
				6E5344641C2E649400C23837 /* Headers */,
			);
			buildRules = (
			);
			dependencies = (
			);
			name = "SheenFigure-iOS";
			productName = SheenFigure;
			productReference = 6E9C29A31B99DB0E007FC446 /* libSheenFigure.a */;
			productType = "com.apple.product-type.library.static";
		};
		6EC153DF1C2E583900A84A7D /* SheenFigure-Mac */ = {
			isa = PBXNativeTarget;
			buildConfigurationList = 6EC153F61C2E583900A84A7D /* Build configuration list for PBXNativeTarget "SheenFigure-Mac" */;
			buildPhases = (
				6EC153E01C2E583900A84A7D /* Sources */,
				6EC153F41C2E583900A84A7D /* Frameworks */,
				6EC153F51C2E583900A84A7D /* CopyFiles */,
				6E5344711C2E64D600C23837 /* Headers */,
			);
			buildRules = (
			);
			dependencies = (
			);
			name = "SheenFigure-Mac";
			productName = SheenFigure;
			productReference = 6EC153F91C2E583900A84A7D /* libSheenFigure.a */;
			productType = "com.apple.product-type.library.static";
		};
/* End PBXNativeTarget section */

/* Begin PBXProject section */
		6E9C299B1B99DB0E007FC446 /* Project object */ = {
			isa = PBXProject;
			attributes = {
				LastUpgradeCheck = 0610;
				ORGANIZATIONNAME = "Muhammad Tayyab Akram";
				TargetAttributes = {
					6E9C29A21B99DB0E007FC446 = {
						CreatedOnToolsVersion = 6.1;
					};
				};
			};
			buildConfigurationList = 6E9C299E1B99DB0E007FC446 /* Build configuration list for PBXProject "SheenFigure" */;
			compatibilityVersion = "Xcode 3.2";
			developmentRegion = English;
			hasScannedForEncodings = 0;
			knownRegions = (
				en,
			);
			mainGroup = 6E9C299A1B99DB0E007FC446;
			productRefGroup = 6E9C29A41B99DB0E007FC446 /* Products */;
			projectDirPath = "";
			projectRoot = "";
			targets = (
				6E9C29A21B99DB0E007FC446 /* SheenFigure-iOS */,
				6EC153DF1C2E583900A84A7D /* SheenFigure-Mac */,
			);
		};
/* End PBXProject section */

/* Begin PBXSourcesBuildPhase section */
		6E9C299F1B99DB0E007FC446 /* Sources */ = {
			isa = PBXSourcesBuildPhase;
			buildActionMask = 2147483647;
			files = (
				6E51DA741C2DC0E000A95C79 /* SFAlbum.c in Sources */,
				6E51DA511C2DC0AD00A95C79 /* SFArabicEngine.c in Sources */,
				6E51DA751C2DC0E000A95C79 /* SFArtist.c in Sources */,
				6E51DA761C2DC0E000A95C79 /* SFFont.c in Sources */,
				6E51DA3D1C2DC07A00A95C79 /* SFFontCache.c in Sources */,
				6E5287D81C2FB49100E95415 /* SFGeneralCategoryLookup.c in Sources */,
				6E51DA5F1C2DC0CD00A95C79 /* SFGlyphDiscovery.c in Sources */,
				6E51DA601C2DC0CD00A95C79 /* SFGlyphManipulation.c in Sources */,
				6E51DA611C2DC0CD00A95C79 /* SFGlyphPositioning.c in Sources */,
				6E51DA621C2DC0CD00A95C79 /* SFGlyphSubstitution.c in Sources */,
				6E528C351C30566100F0B3B4 /* SFJoiningTypeLookup.c in Sources */,
				6E51DA771C2DC0E000A95C79 /* SFList.c in Sources */,
				6E51DA781C2DC0E000A95C79 /* SFLocator.c in Sources */,
				6E51DA471C2DC09000A95C79 /* SFOpenType.c in Sources */,
				6E51DA791C2DC0E000A95C79 /* SFPattern.c in Sources */,
				6E51DA7A1C2DC0E000A95C79 /* SFPatternBuilder.c in Sources */,
				6E51DA7B1C2DC0E000A95C79 /* SFScheme.c in Sources */,
				6E51DA521C2DC0AD00A95C79 /* SFShapingEngine.c in Sources */,
				6E51DA531C2DC0AD00A95C79 /* SFStandardEngine.c in Sources */,
				6E51DA631C2DC0CD00A95C79 /* SFTextProcessor.c in Sources */,
				6E51DA541C2DC0AD00A95C79 /* SFUnifiedEngine.c in Sources */,
			);
			runOnlyForDeploymentPostprocessing = 0;
		};
		6EC153E01C2E583900A84A7D /* Sources */ = {
			isa = PBXSourcesBuildPhase;
			buildActionMask = 2147483647;
			files = (
				6EC153E81C2E583900A84A7D /* SFAlbum.c in Sources */,
				6EC153F01C2E583900A84A7D /* SFArabicEngine.c in Sources */,
				6EC153EA1C2E583900A84A7D /* SFArtist.c in Sources */,
				6EC153EE1C2E583900A84A7D /* SFFont.c in Sources */,
				6EC153E31C2E583900A84A7D /* SFFontCache.c in Sources */,
				6E5287DB1C2FB7B900E95415 /* SFGeneralCategoryLookup.c in Sources */,
				6EC153E91C2E583900A84A7D /* SFGlyphDiscovery.c in Sources */,
				6EC153E51C2E583900A84A7D /* SFGlyphManipulation.c in Sources */,
				6EC153F31C2E583900A84A7D /* SFGlyphPositioning.c in Sources */,
				6EC153E11C2E583900A84A7D /* SFGlyphSubstitution.c in Sources */,
				6E528C361C30566100F0B3B4 /* SFJoiningTypeLookup.c in Sources */,
				6EC153F21C2E583900A84A7D /* SFList.c in Sources */,
				6EC153E71C2E583900A84A7D /* SFLocator.c in Sources */,
				6EC153E61C2E583900A84A7D /* SFOpenType.c in Sources */,
				6EC153EC1C2E583900A84A7D /* SFPattern.c in Sources */,
				6EC153EB1C2E583900A84A7D /* SFPatternBuilder.c in Sources */,
				6EC153E21C2E583900A84A7D /* SFScheme.c in Sources */,
				6EC153F11C2E583900A84A7D /* SFShapingEngine.c in Sources */,
				6EC153ED1C2E583900A84A7D /* SFStandardEngine.c in Sources */,
				6EC153EF1C2E583900A84A7D /* SFTextProcessor.c in Sources */,
				6EC153E41C2E583900A84A7D /* SFUnifiedEngine.c in Sources */,
			);
			runOnlyForDeploymentPostprocessing = 0;
		};
/* End PBXSourcesBuildPhase section */

/* Begin XCBuildConfiguration section */
		6E9C29B51B99DB0E007FC446 /* Debug */ = {
			isa = XCBuildConfiguration;
			buildSettings = {
				ALWAYS_SEARCH_USER_PATHS = NO;
				CLANG_ENABLE_MODULES = YES;
				CLANG_WARN_ASSIGN_ENUM = YES;
				CLANG_WARN_BOOL_CONVERSION = YES;
				CLANG_WARN_CONSTANT_CONVERSION = YES;
				CLANG_WARN_DOCUMENTATION_COMMENTS = YES;
				CLANG_WARN_EMPTY_BODY = YES;
				CLANG_WARN_ENUM_CONVERSION = YES;
				CLANG_WARN_IMPLICIT_SIGN_CONVERSION = YES;
				CLANG_WARN_INT_CONVERSION = YES;
				CLANG_WARN_SUSPICIOUS_IMPLICIT_CONVERSION = YES;
				CLANG_WARN_UNREACHABLE_CODE = YES;
				COMBINE_HIDPI_IMAGES = YES;
				COPY_PHASE_STRIP = NO;
				GCC_C_LANGUAGE_STANDARD = ansi;
				GCC_DYNAMIC_NO_PIC = NO;
				GCC_OPTIMIZATION_LEVEL = 0;
				GCC_PREPROCESSOR_DEFINITIONS = (
					"DEBUG=1",
					"$(inherited)",
				);
				GCC_SYMBOLS_PRIVATE_EXTERN = NO;
				GCC_WARN_64_TO_32_BIT_CONVERSION = YES;
				GCC_WARN_ABOUT_MISSING_FIELD_INITIALIZERS = YES;
				GCC_WARN_ABOUT_MISSING_NEWLINE = YES;
				GCC_WARN_ABOUT_MISSING_PROTOTYPES = YES;
				GCC_WARN_ABOUT_RETURN_TYPE = YES_ERROR;
				GCC_WARN_FOUR_CHARACTER_CONSTANTS = YES;
				GCC_WARN_INITIALIZER_NOT_FULLY_BRACKETED = YES;
				GCC_WARN_SHADOW = YES;
				GCC_WARN_SIGN_COMPARE = YES;
				GCC_WARN_UNINITIALIZED_AUTOS = YES_AGGRESSIVE;
				GCC_WARN_UNUSED_FUNCTION = YES;
				GCC_WARN_UNUSED_LABEL = YES;
				GCC_WARN_UNUSED_PARAMETER = YES;
				GCC_WARN_UNUSED_VARIABLE = YES;
				HEADER_SEARCH_PATHS = (
					"$(inherited)",
					"\"${PROJECT_DIR}/SheenFigure/Headers\"",
					"\"${PROJECT_DIR}/../FreeType/include\"",
				);
				ONLY_ACTIVE_ARCH = YES;
				OTHER_CFLAGS = "-pedantic";
				PRIVATE_HEADERS_FOLDER_PATH = SheenFigure/Source;
				PRODUCT_NAME = SheenFigure;
				PUBLIC_HEADERS_FOLDER_PATH = SheenFigure;
			};
			name = Debug;
		};
		6E9C29B61B99DB0E007FC446 /* Release */ = {
			isa = XCBuildConfiguration;
			buildSettings = {
				ALWAYS_SEARCH_USER_PATHS = NO;
				CLANG_ENABLE_MODULES = YES;
				CLANG_WARN_ASSIGN_ENUM = YES;
				CLANG_WARN_BOOL_CONVERSION = YES;
				CLANG_WARN_CONSTANT_CONVERSION = YES;
				CLANG_WARN_DOCUMENTATION_COMMENTS = YES;
				CLANG_WARN_EMPTY_BODY = YES;
				CLANG_WARN_ENUM_CONVERSION = YES;
				CLANG_WARN_IMPLICIT_SIGN_CONVERSION = YES;
				CLANG_WARN_INT_CONVERSION = YES;
				CLANG_WARN_SUSPICIOUS_IMPLICIT_CONVERSION = YES;
				CLANG_WARN_UNREACHABLE_CODE = YES;
				COMBINE_HIDPI_IMAGES = YES;
				COPY_PHASE_STRIP = YES;
				GCC_C_LANGUAGE_STANDARD = ansi;
				GCC_WARN_64_TO_32_BIT_CONVERSION = YES;
				GCC_WARN_ABOUT_MISSING_FIELD_INITIALIZERS = YES;
				GCC_WARN_ABOUT_MISSING_NEWLINE = YES;
				GCC_WARN_ABOUT_MISSING_PROTOTYPES = YES;
				GCC_WARN_ABOUT_RETURN_TYPE = YES_ERROR;
				GCC_WARN_FOUR_CHARACTER_CONSTANTS = YES;
				GCC_WARN_INITIALIZER_NOT_FULLY_BRACKETED = YES;
				GCC_WARN_SHADOW = YES;
				GCC_WARN_SIGN_COMPARE = YES;
				GCC_WARN_UNINITIALIZED_AUTOS = YES_AGGRESSIVE;
				GCC_WARN_UNUSED_FUNCTION = YES;
				GCC_WARN_UNUSED_LABEL = YES;
				GCC_WARN_UNUSED_PARAMETER = YES;
				GCC_WARN_UNUSED_VARIABLE = YES;
				HEADER_SEARCH_PATHS = (
					"$(inherited)",
					"\"${PROJECT_DIR}/SheenFigure/Headers\"",
					"\"${PROJECT_DIR}/../FreeType/include\"",
				);
				OTHER_CFLAGS = "-pedantic";
				PRIVATE_HEADERS_FOLDER_PATH = SheenFigure/Source;
				PRODUCT_NAME = SheenFigure;
				PUBLIC_HEADERS_FOLDER_PATH = SheenFigure;
				VALIDATE_PRODUCT = YES;
			};
			name = Release;
		};
		6E9C29B81B99DB0E007FC446 /* Debug */ = {
			isa = XCBuildConfiguration;
			buildSettings = {
				LIBRARY_SEARCH_PATHS = (
					"$(inherited)",
					"/Volumes/iPersonal/Tehreer/FreeType/build/Debug-iphoneos",
				);
				SDKROOT = iphoneos;
				SKIP_INSTALL = YES;
			};
			name = Debug;
		};
		6E9C29B91B99DB0E007FC446 /* Release */ = {
			isa = XCBuildConfiguration;
			buildSettings = {
				LIBRARY_SEARCH_PATHS = (
					"$(inherited)",
					"/Volumes/iPersonal/Tehreer/FreeType/build/Debug-iphoneos",
				);
				SDKROOT = iphoneos;
				SKIP_INSTALL = YES;
			};
			name = Release;
		};
		6EC153F71C2E583900A84A7D /* Debug */ = {
			isa = XCBuildConfiguration;
			buildSettings = {
				LIBRARY_SEARCH_PATHS = (
					"$(inherited)",
					/Volumes/iPersonal/Tehreer/FreeType/build/Debug,
				);
				SDKROOT = macosx;
				SKIP_INSTALL = YES;
			};
			name = Debug;
		};
		6EC153F81C2E583900A84A7D /* Release */ = {
			isa = XCBuildConfiguration;
			buildSettings = {
				LIBRARY_SEARCH_PATHS = (
					"$(inherited)",
					/Volumes/iPersonal/Tehreer/FreeType/build/Debug,
				);
				SDKROOT = macosx;
				SKIP_INSTALL = YES;
			};
			name = Release;
		};
/* End XCBuildConfiguration section */

/* Begin XCConfigurationList section */
		6E9C299E1B99DB0E007FC446 /* Build configuration list for PBXProject "SheenFigure" */ = {
			isa = XCConfigurationList;
			buildConfigurations = (
				6E9C29B51B99DB0E007FC446 /* Debug */,
				6E9C29B61B99DB0E007FC446 /* Release */,
			);
			defaultConfigurationIsVisible = 0;
			defaultConfigurationName = Release;
		};
		6E9C29B71B99DB0E007FC446 /* Build configuration list for PBXNativeTarget "SheenFigure-iOS" */ = {
			isa = XCConfigurationList;
			buildConfigurations = (
				6E9C29B81B99DB0E007FC446 /* Debug */,
				6E9C29B91B99DB0E007FC446 /* Release */,
			);
			defaultConfigurationIsVisible = 0;
			defaultConfigurationName = Release;
		};
		6EC153F61C2E583900A84A7D /* Build configuration list for PBXNativeTarget "SheenFigure-Mac" */ = {
			isa = XCConfigurationList;
			buildConfigurations = (
				6EC153F71C2E583900A84A7D /* Debug */,
				6EC153F81C2E583900A84A7D /* Release */,
			);
			defaultConfigurationIsVisible = 0;
			defaultConfigurationName = Release;
		};
/* End XCConfigurationList section */
	};
	rootObject = 6E9C299B1B99DB0E007FC446 /* Project object */;
}
